
Microsoft Visual Studio Solution File, Format Version 12.00
# Visual Studio Version 16
VisualStudioVersion = 16.0.31129.286
MinimumVisualStudioVersion = 10.0.40219.1
Project("{9A19103F-16F7-4668-BE54-9A1E7A4F7556}") = "pjsua2.net", "pjsua2.net.csproj", "{0B6A9773-636C-424F-90C2-6102DB90C2B4}"
EndProject
Project("{9A19103F-16F7-4668-BE54-9A1E7A4F7556}") = "pjsua2.net.Test", "..\pjsua2.net.Test\pjsua2.net.Test.csproj", "{C341D750-4E8A-4BFB-B049-6D46FCB565A5}"
EndProject
Global
	GlobalSection(SolutionConfigurationPlatforms) = preSolution
		Debug|Any CPU = Debug|Any CPU
		Release|Any CPU = Release|Any CPU
	EndGlobalSection
	GlobalSection(ProjectConfigurationPlatforms) = postSolution
		{0B6A9773-636C-424F-90C2-6102DB90C2B4}.Debug|Any CPU.ActiveCfg = Debug|Any CPU
		{0B6A9773-636C-424F-90C2-6102DB90C2B4}.Debug|Any CPU.Build.0 = Debug|Any CPU
		{0B6A9773-636C-424F-90C2-6102DB90C2B4}.Release|Any CPU.ActiveCfg = Release|Any CPU
		{0B6A9773-636C-424F-90C2-6102DB90C2B4}.Release|Any CPU.Build.0 = Release|Any CPU
		{C341D750-4E8A-4BFB-B049-6D46FCB565A5}.Debug|Any CPU.ActiveCfg = Debug|Any CPU
		{C341D750-4E8A-4BFB-B049-6D46FCB565A5}.Debug|Any CPU.Build.0 = Debug|Any CPU
		{C341D750-4E8A-4BFB-B049-6D46FCB565A5}.Release|Any CPU.ActiveCfg = Release|Any CPU
		{C341D750-4E8A-4BFB-B049-6D46FCB565A5}.Release|Any CPU.Build.0 = Release|Any CPU
	EndGlobalSection
	GlobalSection(SolutionProperties) = preSolution
		HideSolutionNode = FALSE
	EndGlobalSection
	GlobalSection(ExtensibilityGlobals) = postSolution
		SolutionGuid = {E19828D6-2B01-4EA1-8501-FDC50867B5B4}
	EndGlobalSection
EndGlobal
