
Microsoft Visual Studio Solution File, Format Version 12.00
# Visual Studio Version 16
VisualStudioVersion = 16.0.31129.286
MinimumVisualStudioVersion = 10.0.40219.1
Project("{8BC9CEB8-8B4A-11D0-8D11-00A0C91BC942}") = "pjsua2.win", "pjsua2.win.vcxproj", "{02BA81C9-EC2D-4384-A360-495CA7E76755}"
EndProject
Project("{8BC9CEB8-8B4A-11D0-8D11-00A0C91BC942}") = "libbaseclasses", "..\pjproject\third_party\build\baseclasses\libbaseclasses.vcxproj", "{E8A3F6FA-AE1C-4C8E-A0B6-9C8480324EAA}"
EndProject
Project("{8BC9CEB8-8B4A-11D0-8D11-00A0C91BC942}") = "libg7221codec", "..\pjproject\third_party\build\g7221\libg7221codec.vcxproj", "{2A3F241E-682C-47E1-9543-DC28708B406A}"
EndProject
Project("{8BC9CEB8-8B4A-11D0-8D11-00A0C91BC942}") = "libgsmcodec", "..\pjproject\third_party\build\gsm\libgsmcodec.vcxproj", "{E53AA5FF-B737-40AA-BD13-387EFA99023D}"
EndProject
Project("{8BC9CEB8-8B4A-11D0-8D11-00A0C91BC942}") = "libilbccodec", "..\pjproject\third_party\build\ilbc\libilbccodec.vcxproj", "{B5FE16F8-3EDB-4110-BD80-B4238CC01E8D}"
EndProject
Project("{8BC9CEB8-8B4A-11D0-8D11-00A0C91BC942}") = "libmilenage", "..\pjproject\third_party\build\milenage\libmilenage.vcxproj", "{4BF51C21-5A30-423B-82FE-1ED410E5769D}"
EndProject
Project("{8BC9CEB8-8B4A-11D0-8D11-00A0C91BC942}") = "libpjproject", "..\pjproject\pjsip-apps\build\libpjproject.vcxproj", "{23D7679C-764C-4E02-8B29-BB882CEEEFE2}"
EndProject
Project("{8BC9CEB8-8B4A-11D0-8D11-00A0C91BC942}") = "libresample", "..\pjproject\third_party\build\resample\libresample.vcxproj", "{6794B975-4E84-4F49-B2DC-C31F2224E03E}"
EndProject
Project("{8BC9CEB8-8B4A-11D0-8D11-00A0C91BC942}") = "libspeex", "..\pjproject\third_party\build\speex\libspeex.vcxproj", "{4B059DBA-CD9C-4D0F-BE8C-FFB4EFD498E9}"
EndProject
Project("{8BC9CEB8-8B4A-11D0-8D11-00A0C91BC942}") = "libsrtp", "..\pjproject\third_party\build\srtp\libsrtp.vcxproj", "{F0DBAA03-1BA3-4E3B-A2CA-727E3D3AB858}"
EndProject
Project("{8BC9CEB8-8B4A-11D0-8D11-00A0C91BC942}") = "libwebrtc", "..\pjproject\third_party\build\webrtc\libwebrtc.vcxproj", "{5BCF2773-3825-4D91-9D72-3E2F650DF1DB}"
EndProject
Project("{8BC9CEB8-8B4A-11D0-8D11-00A0C91BC942}") = "libyuv", "..\pjproject\third_party\build\yuv\libyuv.vcxproj", "{6AC9B65F-0862-4A5C-8A9D-141516993130}"
EndProject
Project("{8BC9CEB8-8B4A-11D0-8D11-00A0C91BC942}") = "pjlib", "..\pjproject\pjlib\build\pjlib.vcxproj", "{DA0E03ED-53A7-4050-8A85-90541C5509F8}"
EndProject
Project("{8BC9CEB8-8B4A-11D0-8D11-00A0C91BC942}") = "pjlib_util", "..\pjproject\pjlib-util\build\pjlib_util.vcxproj", "{FE07F272-AE7F-4549-9E9F-EF9B80CB1693}"
EndProject
Project("{8BC9CEB8-8B4A-11D0-8D11-00A0C91BC942}") = "pjmedia", "..\pjproject\pjmedia\build\pjmedia.vcxproj", "{7FDE3880-A4AB-49E3-B439-EBEF0A0C7A65}"
EndProject
Project("{8BC9CEB8-8B4A-11D0-8D11-00A0C91BC942}") = "pjmedia_audiodev", "..\pjproject\pjmedia\build\pjmedia_audiodev.vcxproj", "{4281CA5E-1D48-45D4-A991-2718A454B4BA}"
EndProject
Project("{8BC9CEB8-8B4A-11D0-8D11-00A0C91BC942}") = "pjmedia_codec", "..\pjproject\pjmedia\build\pjmedia_codec.vcxproj", "{855DC8C0-D3E9-4A2E-AE47-116605A7BC9B}"
EndProject
Project("{8BC9CEB8-8B4A-11D0-8D11-00A0C91BC942}") = "pjnath", "..\pjproject\pjnath\build\pjnath.vcxproj", "{A5D9AA24-08ED-48B9-BD65-F0A25E96BFC4}"
EndProject
Project("{8BC9CEB8-8B4A-11D0-8D11-00A0C91BC942}") = "pjsip_core", "..\pjproject\pjsip\build\pjsip_core.vcxproj", "{2BB84911-C1B4-4747-B93D-36AA82CC5031}"
EndProject
Project("{8BC9CEB8-8B4A-11D0-8D11-00A0C91BC942}") = "pjsip_simple", "..\pjproject\pjsip\build\pjsip_simple.vcxproj", "{4B5945CD-0CB3-49AA-A7FF-7612D93F82C0}"
EndProject
Project("{8BC9CEB8-8B4A-11D0-8D11-00A0C91BC942}") = "pjsip_ua", "..\pjproject\pjsip\build\pjsip_ua.vcxproj", "{B8719FD5-E8A6-4A36-943C-891D07F5DD21}"
EndProject
Project("{8BC9CEB8-8B4A-11D0-8D11-00A0C91BC942}") = "pjsua_lib", "..\pjproject\pjsip\build\pjsua_lib.vcxproj", "{9CA0FDFB-2172-41FC-B7F1-5CE915EDCB37}"
EndProject
Project("{8BC9CEB8-8B4A-11D0-8D11-00A0C91BC942}") = "pjsua", "..\pjproject\pjsip-apps\build\pjsua.vcxproj", "{8310649E-A25E-4AF0-91E8-9E3CC659BB89}"
EndProject
Project("{8BC9CEB8-8B4A-11D0-8D11-00A0C91BC942}") = "pjsua2_lib", "..\pjproject\pjsip\build\pjsua2_lib.vcxproj", "{B82CDD25-6903-430E-BD38-D8129A2015C1}"
EndProject
Project("{8BC9CEB8-8B4A-11D0-8D11-00A0C91BC942}") = "pjmedia_videodev", "..\pjproject\pjmedia\build\pjmedia_videodev.vcxproj", "{A1989FF3-9894-40F4-B5A6-6EA364476E45}"
EndProject
Global
	GlobalSection(SolutionConfigurationPlatforms) = preSolution
		Debug|ARM = Debug|ARM
		Debug|x64 = Debug|x64
		Debug|x86 = Debug|x86
		Debug-Dynamic|ARM = Debug-Dynamic|ARM
		Debug-Dynamic|x64 = Debug-Dynamic|x64
		Debug-Dynamic|x86 = Debug-Dynamic|x86
		Debug-Static|ARM = Debug-Static|ARM
		Debug-Static|x64 = Debug-Static|x64
		Debug-Static|x86 = Debug-Static|x86
		Release|ARM = Release|ARM
		Release|x64 = Release|x64
		Release|x86 = Release|x86
		Release-Dynamic|ARM = Release-Dynamic|ARM
		Release-Dynamic|x64 = Release-Dynamic|x64
		Release-Dynamic|x86 = Release-Dynamic|x86
		Release-Static|ARM = Release-Static|ARM
		Release-Static|x64 = Release-Static|x64
		Release-Static|x86 = Release-Static|x86
	EndGlobalSection
	GlobalSection(ProjectConfigurationPlatforms) = postSolution
		{02BA81C9-EC2D-4384-A360-495CA7E76755}.Debug|ARM.ActiveCfg = Debug|Win32
		{02BA81C9-EC2D-4384-A360-495CA7E76755}.Debug|x64.ActiveCfg = Debug|x64
		{02BA81C9-EC2D-4384-A360-495CA7E76755}.Debug|x64.Build.0 = Debug|x64
		{02BA81C9-EC2D-4384-A360-495CA7E76755}.Debug|x86.ActiveCfg = Debug|Win32
		{02BA81C9-EC2D-4384-A360-495CA7E76755}.Debug|x86.Build.0 = Debug|Win32
		{02BA81C9-EC2D-4384-A360-495CA7E76755}.Debug-Dynamic|ARM.ActiveCfg = Debug|Win32
		{02BA81C9-EC2D-4384-A360-495CA7E76755}.Debug-Dynamic|ARM.Build.0 = Debug|Win32
		{02BA81C9-EC2D-4384-A360-495CA7E76755}.Debug-Dynamic|x64.ActiveCfg = Debug|x64
		{02BA81C9-EC2D-4384-A360-495CA7E76755}.Debug-Dynamic|x64.Build.0 = Debug|x64
		{02BA81C9-EC2D-4384-A360-495CA7E76755}.Debug-Dynamic|x86.ActiveCfg = Debug|Win32
		{02BA81C9-EC2D-4384-A360-495CA7E76755}.Debug-Dynamic|x86.Build.0 = Debug|Win32
		{02BA81C9-EC2D-4384-A360-495CA7E76755}.Debug-Static|ARM.ActiveCfg = Debug|Win32
		{02BA81C9-EC2D-4384-A360-495CA7E76755}.Debug-Static|ARM.Build.0 = Debug|Win32
		{02BA81C9-EC2D-4384-A360-495CA7E76755}.Debug-Static|x64.ActiveCfg = Debug|x64
		{02BA81C9-EC2D-4384-A360-495CA7E76755}.Debug-Static|x64.Build.0 = Debug|x64
		{02BA81C9-EC2D-4384-A360-495CA7E76755}.Debug-Static|x86.ActiveCfg = Debug|Win32
		{02BA81C9-EC2D-4384-A360-495CA7E76755}.Debug-Static|x86.Build.0 = Debug|Win32
		{02BA81C9-EC2D-4384-A360-495CA7E76755}.Release|ARM.ActiveCfg = Release|Win32
		{02BA81C9-EC2D-4384-A360-495CA7E76755}.Release|x64.ActiveCfg = Release|x64
		{02BA81C9-EC2D-4384-A360-495CA7E76755}.Release|x64.Build.0 = Release|x64
		{02BA81C9-EC2D-4384-A360-495CA7E76755}.Release|x86.ActiveCfg = Release|Win32
		{02BA81C9-EC2D-4384-A360-495CA7E76755}.Release|x86.Build.0 = Release|Win32
		{02BA81C9-EC2D-4384-A360-495CA7E76755}.Release-Dynamic|ARM.ActiveCfg = Debug|Win32
		{02BA81C9-EC2D-4384-A360-495CA7E76755}.Release-Dynamic|ARM.Build.0 = Debug|Win32
		{02BA81C9-EC2D-4384-A360-495CA7E76755}.Release-Dynamic|x64.ActiveCfg = Release|x64
		{02BA81C9-EC2D-4384-A360-495CA7E76755}.Release-Dynamic|x64.Build.0 = Release|x64
		{02BA81C9-EC2D-4384-A360-495CA7E76755}.Release-Dynamic|x86.ActiveCfg = Release|Win32
		{02BA81C9-EC2D-4384-A360-495CA7E76755}.Release-Dynamic|x86.Build.0 = Release|Win32
		{02BA81C9-EC2D-4384-A360-495CA7E76755}.Release-Static|ARM.ActiveCfg = Debug|Win32
		{02BA81C9-EC2D-4384-A360-495CA7E76755}.Release-Static|ARM.Build.0 = Debug|Win32
		{02BA81C9-EC2D-4384-A360-495CA7E76755}.Release-Static|x64.ActiveCfg = Release|x64
		{02BA81C9-EC2D-4384-A360-495CA7E76755}.Release-Static|x64.Build.0 = Release|x64
		{02BA81C9-EC2D-4384-A360-495CA7E76755}.Release-Static|x86.ActiveCfg = Release|Win32
		{02BA81C9-EC2D-4384-A360-495CA7E76755}.Release-Static|x86.Build.0 = Release|Win32
		{E8A3F6FA-AE1C-4C8E-A0B6-9C8480324EAA}.Debug|ARM.ActiveCfg = Debug|ARM
		{E8A3F6FA-AE1C-4C8E-A0B6-9C8480324EAA}.Debug|ARM.Build.0 = Debug|ARM
		{E8A3F6FA-AE1C-4C8E-A0B6-9C8480324EAA}.Debug|x64.ActiveCfg = Debug|x64
		{E8A3F6FA-AE1C-4C8E-A0B6-9C8480324EAA}.Debug|x64.Build.0 = Debug|x64
		{E8A3F6FA-AE1C-4C8E-A0B6-9C8480324EAA}.Debug|x86.ActiveCfg = Debug|Win32
		{E8A3F6FA-AE1C-4C8E-A0B6-9C8480324EAA}.Debug|x86.Build.0 = Debug|Win32
		{E8A3F6FA-AE1C-4C8E-A0B6-9C8480324EAA}.Debug-Dynamic|ARM.ActiveCfg = Debug-Dynamic|ARM
		{E8A3F6FA-AE1C-4C8E-A0B6-9C8480324EAA}.Debug-Dynamic|ARM.Build.0 = Debug-Dynamic|ARM
		{E8A3F6FA-AE1C-4C8E-A0B6-9C8480324EAA}.Debug-Dynamic|x64.ActiveCfg = Debug-Dynamic|x64
		{E8A3F6FA-AE1C-4C8E-A0B6-9C8480324EAA}.Debug-Dynamic|x64.Build.0 = Debug-Dynamic|x64
		{E8A3F6FA-AE1C-4C8E-A0B6-9C8480324EAA}.Debug-Dynamic|x86.ActiveCfg = Debug-Dynamic|Win32
		{E8A3F6FA-AE1C-4C8E-A0B6-9C8480324EAA}.Debug-Dynamic|x86.Build.0 = Debug-Dynamic|Win32
		{E8A3F6FA-AE1C-4C8E-A0B6-9C8480324EAA}.Debug-Static|ARM.ActiveCfg = Debug-Static|ARM
		{E8A3F6FA-AE1C-4C8E-A0B6-9C8480324EAA}.Debug-Static|ARM.Build.0 = Debug-Static|ARM
		{E8A3F6FA-AE1C-4C8E-A0B6-9C8480324EAA}.Debug-Static|x64.ActiveCfg = Debug-Static|x64
		{E8A3F6FA-AE1C-4C8E-A0B6-9C8480324EAA}.Debug-Static|x64.Build.0 = Debug-Static|x64
		{E8A3F6FA-AE1C-4C8E-A0B6-9C8480324EAA}.Debug-Static|x86.ActiveCfg = Debug-Static|Win32
		{E8A3F6FA-AE1C-4C8E-A0B6-9C8480324EAA}.Debug-Static|x86.Build.0 = Debug-Static|Win32
		{E8A3F6FA-AE1C-4C8E-A0B6-9C8480324EAA}.Release|ARM.ActiveCfg = Release|ARM
		{E8A3F6FA-AE1C-4C8E-A0B6-9C8480324EAA}.Release|ARM.Build.0 = Release|ARM
		{E8A3F6FA-AE1C-4C8E-A0B6-9C8480324EAA}.Release|x64.ActiveCfg = Release|x64
		{E8A3F6FA-AE1C-4C8E-A0B6-9C8480324EAA}.Release|x64.Build.0 = Release|x64
		{E8A3F6FA-AE1C-4C8E-A0B6-9C8480324EAA}.Release|x86.ActiveCfg = Release|Win32
		{E8A3F6FA-AE1C-4C8E-A0B6-9C8480324EAA}.Release|x86.Build.0 = Release|Win32
		{E8A3F6FA-AE1C-4C8E-A0B6-9C8480324EAA}.Release-Dynamic|ARM.ActiveCfg = Release-Dynamic|ARM
		{E8A3F6FA-AE1C-4C8E-A0B6-9C8480324EAA}.Release-Dynamic|ARM.Build.0 = Release-Dynamic|ARM
		{E8A3F6FA-AE1C-4C8E-A0B6-9C8480324EAA}.Release-Dynamic|x64.ActiveCfg = Release-Dynamic|x64
		{E8A3F6FA-AE1C-4C8E-A0B6-9C8480324EAA}.Release-Dynamic|x64.Build.0 = Release-Dynamic|x64
		{E8A3F6FA-AE1C-4C8E-A0B6-9C8480324EAA}.Release-Dynamic|x86.ActiveCfg = Release-Dynamic|Win32
		{E8A3F6FA-AE1C-4C8E-A0B6-9C8480324EAA}.Release-Dynamic|x86.Build.0 = Release-Dynamic|Win32
		{E8A3F6FA-AE1C-4C8E-A0B6-9C8480324EAA}.Release-Static|ARM.ActiveCfg = Release-Static|ARM
		{E8A3F6FA-AE1C-4C8E-A0B6-9C8480324EAA}.Release-Static|ARM.Build.0 = Release-Static|ARM
		{E8A3F6FA-AE1C-4C8E-A0B6-9C8480324EAA}.Release-Static|x64.ActiveCfg = Release-Static|x64
		{E8A3F6FA-AE1C-4C8E-A0B6-9C8480324EAA}.Release-Static|x64.Build.0 = Release-Static|x64
		{E8A3F6FA-AE1C-4C8E-A0B6-9C8480324EAA}.Release-Static|x86.ActiveCfg = Release-Static|Win32
		{E8A3F6FA-AE1C-4C8E-A0B6-9C8480324EAA}.Release-Static|x86.Build.0 = Release-Static|Win32
		{2A3F241E-682C-47E1-9543-DC28708B406A}.Debug|ARM.ActiveCfg = Debug|ARM
		{2A3F241E-682C-47E1-9543-DC28708B406A}.Debug|ARM.Build.0 = Debug|ARM
		{2A3F241E-682C-47E1-9543-DC28708B406A}.Debug|x64.ActiveCfg = Debug|x64
		{2A3F241E-682C-47E1-9543-DC28708B406A}.Debug|x64.Build.0 = Debug|x64
		{2A3F241E-682C-47E1-9543-DC28708B406A}.Debug|x86.ActiveCfg = Debug|Win32
		{2A3F241E-682C-47E1-9543-DC28708B406A}.Debug|x86.Build.0 = Debug|Win32
		{2A3F241E-682C-47E1-9543-DC28708B406A}.Debug-Dynamic|ARM.ActiveCfg = Debug-Dynamic|ARM
		{2A3F241E-682C-47E1-9543-DC28708B406A}.Debug-Dynamic|ARM.Build.0 = Debug-Dynamic|ARM
		{2A3F241E-682C-47E1-9543-DC28708B406A}.Debug-Dynamic|x64.ActiveCfg = Debug-Dynamic|x64
		{2A3F241E-682C-47E1-9543-DC28708B406A}.Debug-Dynamic|x64.Build.0 = Debug-Dynamic|x64
		{2A3F241E-682C-47E1-9543-DC28708B406A}.Debug-Dynamic|x86.ActiveCfg = Debug-Dynamic|Win32
		{2A3F241E-682C-47E1-9543-DC28708B406A}.Debug-Dynamic|x86.Build.0 = Debug-Dynamic|Win32
		{2A3F241E-682C-47E1-9543-DC28708B406A}.Debug-Static|ARM.ActiveCfg = Debug-Static|ARM
		{2A3F241E-682C-47E1-9543-DC28708B406A}.Debug-Static|ARM.Build.0 = Debug-Static|ARM
		{2A3F241E-682C-47E1-9543-DC28708B406A}.Debug-Static|x64.ActiveCfg = Debug-Static|x64
		{2A3F241E-682C-47E1-9543-DC28708B406A}.Debug-Static|x64.Build.0 = Debug-Static|x64
		{2A3F241E-682C-47E1-9543-DC28708B406A}.Debug-Static|x86.ActiveCfg = Debug-Static|Win32
		{2A3F241E-682C-47E1-9543-DC28708B406A}.Debug-Static|x86.Build.0 = Debug-Static|Win32
		{2A3F241E-682C-47E1-9543-DC28708B406A}.Release|ARM.ActiveCfg = Release|ARM
		{2A3F241E-682C-47E1-9543-DC28708B406A}.Release|ARM.Build.0 = Release|ARM
		{2A3F241E-682C-47E1-9543-DC28708B406A}.Release|x64.ActiveCfg = Release|x64
		{2A3F241E-682C-47E1-9543-DC28708B406A}.Release|x64.Build.0 = Release|x64
		{2A3F241E-682C-47E1-9543-DC28708B406A}.Release|x86.ActiveCfg = Release|Win32
		{2A3F241E-682C-47E1-9543-DC28708B406A}.Release|x86.Build.0 = Release|Win32
		{2A3F241E-682C-47E1-9543-DC28708B406A}.Release-Dynamic|ARM.ActiveCfg = Release-Dynamic|ARM
		{2A3F241E-682C-47E1-9543-DC28708B406A}.Release-Dynamic|ARM.Build.0 = Release-Dynamic|ARM
		{2A3F241E-682C-47E1-9543-DC28708B406A}.Release-Dynamic|x64.ActiveCfg = Release-Dynamic|x64
		{2A3F241E-682C-47E1-9543-DC28708B406A}.Release-Dynamic|x64.Build.0 = Release-Dynamic|x64
		{2A3F241E-682C-47E1-9543-DC28708B406A}.Release-Dynamic|x86.ActiveCfg = Release-Dynamic|Win32
		{2A3F241E-682C-47E1-9543-DC28708B406A}.Release-Dynamic|x86.Build.0 = Release-Dynamic|Win32
		{2A3F241E-682C-47E1-9543-DC28708B406A}.Release-Static|ARM.ActiveCfg = Release-Static|ARM
		{2A3F241E-682C-47E1-9543-DC28708B406A}.Release-Static|ARM.Build.0 = Release-Static|ARM
		{2A3F241E-682C-47E1-9543-DC28708B406A}.Release-Static|x64.ActiveCfg = Release-Static|x64
		{2A3F241E-682C-47E1-9543-DC28708B406A}.Release-Static|x64.Build.0 = Release-Static|x64
		{2A3F241E-682C-47E1-9543-DC28708B406A}.Release-Static|x86.ActiveCfg = Release-Static|Win32
		{2A3F241E-682C-47E1-9543-DC28708B406A}.Release-Static|x86.Build.0 = Release-Static|Win32
		{E53AA5FF-B737-40AA-BD13-387EFA99023D}.Debug|ARM.ActiveCfg = Debug|ARM
		{E53AA5FF-B737-40AA-BD13-387EFA99023D}.Debug|ARM.Build.0 = Debug|ARM
		{E53AA5FF-B737-40AA-BD13-387EFA99023D}.Debug|x64.ActiveCfg = Debug|x64
		{E53AA5FF-B737-40AA-BD13-387EFA99023D}.Debug|x64.Build.0 = Debug|x64
		{E53AA5FF-B737-40AA-BD13-387EFA99023D}.Debug|x86.ActiveCfg = Debug|Win32
		{E53AA5FF-B737-40AA-BD13-387EFA99023D}.Debug|x86.Build.0 = Debug|Win32
		{E53AA5FF-B737-40AA-BD13-387EFA99023D}.Debug-Dynamic|ARM.ActiveCfg = Debug-Dynamic|ARM
		{E53AA5FF-B737-40AA-BD13-387EFA99023D}.Debug-Dynamic|ARM.Build.0 = Debug-Dynamic|ARM
		{E53AA5FF-B737-40AA-BD13-387EFA99023D}.Debug-Dynamic|x64.ActiveCfg = Debug-Dynamic|x64
		{E53AA5FF-B737-40AA-BD13-387EFA99023D}.Debug-Dynamic|x64.Build.0 = Debug-Dynamic|x64
		{E53AA5FF-B737-40AA-BD13-387EFA99023D}.Debug-Dynamic|x86.ActiveCfg = Debug-Dynamic|Win32
		{E53AA5FF-B737-40AA-BD13-387EFA99023D}.Debug-Dynamic|x86.Build.0 = Debug-Dynamic|Win32
		{E53AA5FF-B737-40AA-BD13-387EFA99023D}.Debug-Static|ARM.ActiveCfg = Debug-Static|ARM
		{E53AA5FF-B737-40AA-BD13-387EFA99023D}.Debug-Static|ARM.Build.0 = Debug-Static|ARM
		{E53AA5FF-B737-40AA-BD13-387EFA99023D}.Debug-Static|x64.ActiveCfg = Debug-Static|x64
		{E53AA5FF-B737-40AA-BD13-387EFA99023D}.Debug-Static|x64.Build.0 = Debug-Static|x64
		{E53AA5FF-B737-40AA-BD13-387EFA99023D}.Debug-Static|x86.ActiveCfg = Debug-Static|Win32
		{E53AA5FF-B737-40AA-BD13-387EFA99023D}.Debug-Static|x86.Build.0 = Debug-Static|Win32
		{E53AA5FF-B737-40AA-BD13-387EFA99023D}.Release|ARM.ActiveCfg = Release|ARM
		{E53AA5FF-B737-40AA-BD13-387EFA99023D}.Release|ARM.Build.0 = Release|ARM
		{E53AA5FF-B737-40AA-BD13-387EFA99023D}.Release|x64.ActiveCfg = Release|x64
		{E53AA5FF-B737-40AA-BD13-387EFA99023D}.Release|x64.Build.0 = Release|x64
		{E53AA5FF-B737-40AA-BD13-387EFA99023D}.Release|x86.ActiveCfg = Release|Win32
		{E53AA5FF-B737-40AA-BD13-387EFA99023D}.Release|x86.Build.0 = Release|Win32
		{E53AA5FF-B737-40AA-BD13-387EFA99023D}.Release-Dynamic|ARM.ActiveCfg = Release-Dynamic|ARM
		{E53AA5FF-B737-40AA-BD13-387EFA99023D}.Release-Dynamic|ARM.Build.0 = Release-Dynamic|ARM
		{E53AA5FF-B737-40AA-BD13-387EFA99023D}.Release-Dynamic|x64.ActiveCfg = Release-Dynamic|x64
		{E53AA5FF-B737-40AA-BD13-387EFA99023D}.Release-Dynamic|x64.Build.0 = Release-Dynamic|x64
		{E53AA5FF-B737-40AA-BD13-387EFA99023D}.Release-Dynamic|x86.ActiveCfg = Release-Dynamic|Win32
		{E53AA5FF-B737-40AA-BD13-387EFA99023D}.Release-Dynamic|x86.Build.0 = Release-Dynamic|Win32
		{E53AA5FF-B737-40AA-BD13-387EFA99023D}.Release-Static|ARM.ActiveCfg = Release-Static|ARM
		{E53AA5FF-B737-40AA-BD13-387EFA99023D}.Release-Static|ARM.Build.0 = Release-Static|ARM
		{E53AA5FF-B737-40AA-BD13-387EFA99023D}.Release-Static|x64.ActiveCfg = Release-Static|x64
		{E53AA5FF-B737-40AA-BD13-387EFA99023D}.Release-Static|x64.Build.0 = Release-Static|x64
		{E53AA5FF-B737-40AA-BD13-387EFA99023D}.Release-Static|x86.ActiveCfg = Release-Static|Win32
		{E53AA5FF-B737-40AA-BD13-387EFA99023D}.Release-Static|x86.Build.0 = Release-Static|Win32
		{B5FE16F8-3EDB-4110-BD80-B4238CC01E8D}.Debug|ARM.ActiveCfg = Debug|ARM
		{B5FE16F8-3EDB-4110-BD80-B4238CC01E8D}.Debug|ARM.Build.0 = Debug|ARM
		{B5FE16F8-3EDB-4110-BD80-B4238CC01E8D}.Debug|x64.ActiveCfg = Debug|x64
		{B5FE16F8-3EDB-4110-BD80-B4238CC01E8D}.Debug|x64.Build.0 = Debug|x64
		{B5FE16F8-3EDB-4110-BD80-B4238CC01E8D}.Debug|x86.ActiveCfg = Debug|Win32
		{B5FE16F8-3EDB-4110-BD80-B4238CC01E8D}.Debug|x86.Build.0 = Debug|Win32
		{B5FE16F8-3EDB-4110-BD80-B4238CC01E8D}.Debug-Dynamic|ARM.ActiveCfg = Debug-Dynamic|ARM
		{B5FE16F8-3EDB-4110-BD80-B4238CC01E8D}.Debug-Dynamic|ARM.Build.0 = Debug-Dynamic|ARM
		{B5FE16F8-3EDB-4110-BD80-B4238CC01E8D}.Debug-Dynamic|x64.ActiveCfg = Debug-Dynamic|x64
		{B5FE16F8-3EDB-4110-BD80-B4238CC01E8D}.Debug-Dynamic|x64.Build.0 = Debug-Dynamic|x64
		{B5FE16F8-3EDB-4110-BD80-B4238CC01E8D}.Debug-Dynamic|x86.ActiveCfg = Debug-Dynamic|Win32
		{B5FE16F8-3EDB-4110-BD80-B4238CC01E8D}.Debug-Dynamic|x86.Build.0 = Debug-Dynamic|Win32
		{B5FE16F8-3EDB-4110-BD80-B4238CC01E8D}.Debug-Static|ARM.ActiveCfg = Debug-Static|ARM
		{B5FE16F8-3EDB-4110-BD80-B4238CC01E8D}.Debug-Static|ARM.Build.0 = Debug-Static|ARM
		{B5FE16F8-3EDB-4110-BD80-B4238CC01E8D}.Debug-Static|x64.ActiveCfg = Debug-Static|x64
		{B5FE16F8-3EDB-4110-BD80-B4238CC01E8D}.Debug-Static|x64.Build.0 = Debug-Static|x64
		{B5FE16F8-3EDB-4110-BD80-B4238CC01E8D}.Debug-Static|x86.ActiveCfg = Debug-Static|Win32
		{B5FE16F8-3EDB-4110-BD80-B4238CC01E8D}.Debug-Static|x86.Build.0 = Debug-Static|Win32
		{B5FE16F8-3EDB-4110-BD80-B4238CC01E8D}.Release|ARM.ActiveCfg = Release|ARM
		{B5FE16F8-3EDB-4110-BD80-B4238CC01E8D}.Release|ARM.Build.0 = Release|ARM
		{B5FE16F8-3EDB-4110-BD80-B4238CC01E8D}.Release|x64.ActiveCfg = Release|x64
		{B5FE16F8-3EDB-4110-BD80-B4238CC01E8D}.Release|x64.Build.0 = Release|x64
		{B5FE16F8-3EDB-4110-BD80-B4238CC01E8D}.Release|x86.ActiveCfg = Release|Win32
		{B5FE16F8-3EDB-4110-BD80-B4238CC01E8D}.Release|x86.Build.0 = Release|Win32
		{B5FE16F8-3EDB-4110-BD80-B4238CC01E8D}.Release-Dynamic|ARM.ActiveCfg = Release-Dynamic|ARM
		{B5FE16F8-3EDB-4110-BD80-B4238CC01E8D}.Release-Dynamic|ARM.Build.0 = Release-Dynamic|ARM
		{B5FE16F8-3EDB-4110-BD80-B4238CC01E8D}.Release-Dynamic|x64.ActiveCfg = Release-Dynamic|x64
		{B5FE16F8-3EDB-4110-BD80-B4238CC01E8D}.Release-Dynamic|x64.Build.0 = Release-Dynamic|x64
		{B5FE16F8-3EDB-4110-BD80-B4238CC01E8D}.Release-Dynamic|x86.ActiveCfg = Release-Dynamic|Win32
		{B5FE16F8-3EDB-4110-BD80-B4238CC01E8D}.Release-Dynamic|x86.Build.0 = Release-Dynamic|Win32
		{B5FE16F8-3EDB-4110-BD80-B4238CC01E8D}.Release-Static|ARM.ActiveCfg = Release-Static|ARM
		{B5FE16F8-3EDB-4110-BD80-B4238CC01E8D}.Release-Static|ARM.Build.0 = Release-Static|ARM
		{B5FE16F8-3EDB-4110-BD80-B4238CC01E8D}.Release-Static|x64.ActiveCfg = Release-Static|x64
		{B5FE16F8-3EDB-4110-BD80-B4238CC01E8D}.Release-Static|x64.Build.0 = Release-Static|x64
		{B5FE16F8-3EDB-4110-BD80-B4238CC01E8D}.Release-Static|x86.ActiveCfg = Release-Static|Win32
		{B5FE16F8-3EDB-4110-BD80-B4238CC01E8D}.Release-Static|x86.Build.0 = Release-Static|Win32
		{4BF51C21-5A30-423B-82FE-1ED410E5769D}.Debug|ARM.ActiveCfg = Debug|ARM
		{4BF51C21-5A30-423B-82FE-1ED410E5769D}.Debug|ARM.Build.0 = Debug|ARM
		{4BF51C21-5A30-423B-82FE-1ED410E5769D}.Debug|x64.ActiveCfg = Debug|x64
		{4BF51C21-5A30-423B-82FE-1ED410E5769D}.Debug|x64.Build.0 = Debug|x64
		{4BF51C21-5A30-423B-82FE-1ED410E5769D}.Debug|x86.ActiveCfg = Debug|Win32
		{4BF51C21-5A30-423B-82FE-1ED410E5769D}.Debug|x86.Build.0 = Debug|Win32
		{4BF51C21-5A30-423B-82FE-1ED410E5769D}.Debug-Dynamic|ARM.ActiveCfg = Debug-Dynamic|ARM
		{4BF51C21-5A30-423B-82FE-1ED410E5769D}.Debug-Dynamic|ARM.Build.0 = Debug-Dynamic|ARM
		{4BF51C21-5A30-423B-82FE-1ED410E5769D}.Debug-Dynamic|x64.ActiveCfg = Debug-Dynamic|x64
		{4BF51C21-5A30-423B-82FE-1ED410E5769D}.Debug-Dynamic|x64.Build.0 = Debug-Dynamic|x64
		{4BF51C21-5A30-423B-82FE-1ED410E5769D}.Debug-Dynamic|x86.ActiveCfg = Debug-Dynamic|Win32
		{4BF51C21-5A30-423B-82FE-1ED410E5769D}.Debug-Dynamic|x86.Build.0 = Debug-Dynamic|Win32
		{4BF51C21-5A30-423B-82FE-1ED410E5769D}.Debug-Static|ARM.ActiveCfg = Debug-Static|ARM
		{4BF51C21-5A30-423B-82FE-1ED410E5769D}.Debug-Static|ARM.Build.0 = Debug-Static|ARM
		{4BF51C21-5A30-423B-82FE-1ED410E5769D}.Debug-Static|x64.ActiveCfg = Debug-Static|x64
		{4BF51C21-5A30-423B-82FE-1ED410E5769D}.Debug-Static|x64.Build.0 = Debug-Static|x64
		{4BF51C21-5A30-423B-82FE-1ED410E5769D}.Debug-Static|x86.ActiveCfg = Debug-Static|Win32
		{4BF51C21-5A30-423B-82FE-1ED410E5769D}.Debug-Static|x86.Build.0 = Debug-Static|Win32
		{4BF51C21-5A30-423B-82FE-1ED410E5769D}.Release|ARM.ActiveCfg = Release|ARM
		{4BF51C21-5A30-423B-82FE-1ED410E5769D}.Release|ARM.Build.0 = Release|ARM
		{4BF51C21-5A30-423B-82FE-1ED410E5769D}.Release|x64.ActiveCfg = Release|x64
		{4BF51C21-5A30-423B-82FE-1ED410E5769D}.Release|x64.Build.0 = Release|x64
		{4BF51C21-5A30-423B-82FE-1ED410E5769D}.Release|x86.ActiveCfg = Release|Win32
		{4BF51C21-5A30-423B-82FE-1ED410E5769D}.Release|x86.Build.0 = Release|Win32
		{4BF51C21-5A30-423B-82FE-1ED410E5769D}.Release-Dynamic|ARM.ActiveCfg = Release-Dynamic|ARM
		{4BF51C21-5A30-423B-82FE-1ED410E5769D}.Release-Dynamic|ARM.Build.0 = Release-Dynamic|ARM
		{4BF51C21-5A30-423B-82FE-1ED410E5769D}.Release-Dynamic|x64.ActiveCfg = Release-Dynamic|x64
		{4BF51C21-5A30-423B-82FE-1ED410E5769D}.Release-Dynamic|x64.Build.0 = Release-Dynamic|x64
		{4BF51C21-5A30-423B-82FE-1ED410E5769D}.Release-Dynamic|x86.ActiveCfg = Release-Dynamic|Win32
		{4BF51C21-5A30-423B-82FE-1ED410E5769D}.Release-Dynamic|x86.Build.0 = Release-Dynamic|Win32
		{4BF51C21-5A30-423B-82FE-1ED410E5769D}.Release-Static|ARM.ActiveCfg = Release-Static|ARM
		{4BF51C21-5A30-423B-82FE-1ED410E5769D}.Release-Static|ARM.Build.0 = Release-Static|ARM
		{4BF51C21-5A30-423B-82FE-1ED410E5769D}.Release-Static|x64.ActiveCfg = Release-Static|x64
		{4BF51C21-5A30-423B-82FE-1ED410E5769D}.Release-Static|x64.Build.0 = Release-Static|x64
		{4BF51C21-5A30-423B-82FE-1ED410E5769D}.Release-Static|x86.ActiveCfg = Release-Static|Win32
		{4BF51C21-5A30-423B-82FE-1ED410E5769D}.Release-Static|x86.Build.0 = Release-Static|Win32
		{23D7679C-764C-4E02-8B29-BB882CEEEFE2}.Debug|ARM.ActiveCfg = Debug|ARM
		{23D7679C-764C-4E02-8B29-BB882CEEEFE2}.Debug|ARM.Build.0 = Debug|ARM
		{23D7679C-764C-4E02-8B29-BB882CEEEFE2}.Debug|x64.ActiveCfg = Debug|x64
		{23D7679C-764C-4E02-8B29-BB882CEEEFE2}.Debug|x64.Build.0 = Debug|x64
		{23D7679C-764C-4E02-8B29-BB882CEEEFE2}.Debug|x86.ActiveCfg = Debug|Win32
		{23D7679C-764C-4E02-8B29-BB882CEEEFE2}.Debug|x86.Build.0 = Debug|Win32
		{23D7679C-764C-4E02-8B29-BB882CEEEFE2}.Debug-Dynamic|ARM.ActiveCfg = Debug-Dynamic|ARM
		{23D7679C-764C-4E02-8B29-BB882CEEEFE2}.Debug-Dynamic|ARM.Build.0 = Debug-Dynamic|ARM
		{23D7679C-764C-4E02-8B29-BB882CEEEFE2}.Debug-Dynamic|x64.ActiveCfg = Debug-Dynamic|x64
		{23D7679C-764C-4E02-8B29-BB882CEEEFE2}.Debug-Dynamic|x64.Build.0 = Debug-Dynamic|x64
		{23D7679C-764C-4E02-8B29-BB882CEEEFE2}.Debug-Dynamic|x86.ActiveCfg = Debug-Dynamic|Win32
		{23D7679C-764C-4E02-8B29-BB882CEEEFE2}.Debug-Dynamic|x86.Build.0 = Debug-Dynamic|Win32
		{23D7679C-764C-4E02-8B29-BB882CEEEFE2}.Debug-Static|ARM.ActiveCfg = Debug-Static|ARM
		{23D7679C-764C-4E02-8B29-BB882CEEEFE2}.Debug-Static|ARM.Build.0 = Debug-Static|ARM
		{23D7679C-764C-4E02-8B29-BB882CEEEFE2}.Debug-Static|x64.ActiveCfg = Debug-Static|x64
		{23D7679C-764C-4E02-8B29-BB882CEEEFE2}.Debug-Static|x64.Build.0 = Debug-Static|x64
		{23D7679C-764C-4E02-8B29-BB882CEEEFE2}.Debug-Static|x86.ActiveCfg = Debug-Static|Win32
		{23D7679C-764C-4E02-8B29-BB882CEEEFE2}.Debug-Static|x86.Build.0 = Debug-Static|Win32
		{23D7679C-764C-4E02-8B29-BB882CEEEFE2}.Release|ARM.ActiveCfg = Release|ARM
		{23D7679C-764C-4E02-8B29-BB882CEEEFE2}.Release|ARM.Build.0 = Release|ARM
		{23D7679C-764C-4E02-8B29-BB882CEEEFE2}.Release|x64.ActiveCfg = Release|x64
		{23D7679C-764C-4E02-8B29-BB882CEEEFE2}.Release|x64.Build.0 = Release|x64
		{23D7679C-764C-4E02-8B29-BB882CEEEFE2}.Release|x86.ActiveCfg = Release|Win32
		{23D7679C-764C-4E02-8B29-BB882CEEEFE2}.Release|x86.Build.0 = Release|Win32
		{23D7679C-764C-4E02-8B29-BB882CEEEFE2}.Release-Dynamic|ARM.ActiveCfg = Release-Dynamic|ARM
		{23D7679C-764C-4E02-8B29-BB882CEEEFE2}.Release-Dynamic|ARM.Build.0 = Release-Dynamic|ARM
		{23D7679C-764C-4E02-8B29-BB882CEEEFE2}.Release-Dynamic|x64.ActiveCfg = Release-Dynamic|x64
		{23D7679C-764C-4E02-8B29-BB882CEEEFE2}.Release-Dynamic|x64.Build.0 = Release-Dynamic|x64
		{23D7679C-764C-4E02-8B29-BB882CEEEFE2}.Release-Dynamic|x86.ActiveCfg = Release-Dynamic|Win32
		{23D7679C-764C-4E02-8B29-BB882CEEEFE2}.Release-Dynamic|x86.Build.0 = Release-Dynamic|Win32
		{23D7679C-764C-4E02-8B29-BB882CEEEFE2}.Release-Static|ARM.ActiveCfg = Release-Static|ARM
		{23D7679C-764C-4E02-8B29-BB882CEEEFE2}.Release-Static|ARM.Build.0 = Release-Static|ARM
		{23D7679C-764C-4E02-8B29-BB882CEEEFE2}.Release-Static|x64.ActiveCfg = Release-Static|x64
		{23D7679C-764C-4E02-8B29-BB882CEEEFE2}.Release-Static|x64.Build.0 = Release-Static|x64
		{23D7679C-764C-4E02-8B29-BB882CEEEFE2}.Release-Static|x86.ActiveCfg = Release-Static|Win32
		{23D7679C-764C-4E02-8B29-BB882CEEEFE2}.Release-Static|x86.Build.0 = Release-Static|Win32
		{6794B975-4E84-4F49-B2DC-C31F2224E03E}.Debug|ARM.ActiveCfg = Debug|ARM
		{6794B975-4E84-4F49-B2DC-C31F2224E03E}.Debug|ARM.Build.0 = Debug|ARM
		{6794B975-4E84-4F49-B2DC-C31F2224E03E}.Debug|x64.ActiveCfg = Debug|x64
		{6794B975-4E84-4F49-B2DC-C31F2224E03E}.Debug|x64.Build.0 = Debug|x64
		{6794B975-4E84-4F49-B2DC-C31F2224E03E}.Debug|x86.ActiveCfg = Debug|Win32
		{6794B975-4E84-4F49-B2DC-C31F2224E03E}.Debug|x86.Build.0 = Debug|Win32
		{6794B975-4E84-4F49-B2DC-C31F2224E03E}.Debug-Dynamic|ARM.ActiveCfg = Debug-Dynamic|ARM
		{6794B975-4E84-4F49-B2DC-C31F2224E03E}.Debug-Dynamic|ARM.Build.0 = Debug-Dynamic|ARM
		{6794B975-4E84-4F49-B2DC-C31F2224E03E}.Debug-Dynamic|x64.ActiveCfg = Debug-Dynamic|x64
		{6794B975-4E84-4F49-B2DC-C31F2224E03E}.Debug-Dynamic|x64.Build.0 = Debug-Dynamic|x64
		{6794B975-4E84-4F49-B2DC-C31F2224E03E}.Debug-Dynamic|x86.ActiveCfg = Debug-Dynamic|Win32
		{6794B975-4E84-4F49-B2DC-C31F2224E03E}.Debug-Dynamic|x86.Build.0 = Debug-Dynamic|Win32
		{6794B975-4E84-4F49-B2DC-C31F2224E03E}.Debug-Static|ARM.ActiveCfg = Debug-Static|ARM
		{6794B975-4E84-4F49-B2DC-C31F2224E03E}.Debug-Static|ARM.Build.0 = Debug-Static|ARM
		{6794B975-4E84-4F49-B2DC-C31F2224E03E}.Debug-Static|x64.ActiveCfg = Debug-Static|x64
		{6794B975-4E84-4F49-B2DC-C31F2224E03E}.Debug-Static|x64.Build.0 = Debug-Static|x64
		{6794B975-4E84-4F49-B2DC-C31F2224E03E}.Debug-Static|x86.ActiveCfg = Debug-Static|Win32
		{6794B975-4E84-4F49-B2DC-C31F2224E03E}.Debug-Static|x86.Build.0 = Debug-Static|Win32
		{6794B975-4E84-4F49-B2DC-C31F2224E03E}.Release|ARM.ActiveCfg = Release|ARM
		{6794B975-4E84-4F49-B2DC-C31F2224E03E}.Release|ARM.Build.0 = Release|ARM
		{6794B975-4E84-4F49-B2DC-C31F2224E03E}.Release|x64.ActiveCfg = Release|x64
		{6794B975-4E84-4F49-B2DC-C31F2224E03E}.Release|x64.Build.0 = Release|x64
		{6794B975-4E84-4F49-B2DC-C31F2224E03E}.Release|x86.ActiveCfg = Release|Win32
		{6794B975-4E84-4F49-B2DC-C31F2224E03E}.Release|x86.Build.0 = Release|Win32
		{6794B975-4E84-4F49-B2DC-C31F2224E03E}.Release-Dynamic|ARM.ActiveCfg = Release-Dynamic|ARM
		{6794B975-4E84-4F49-B2DC-C31F2224E03E}.Release-Dynamic|ARM.Build.0 = Release-Dynamic|ARM
		{6794B975-4E84-4F49-B2DC-C31F2224E03E}.Release-Dynamic|x64.ActiveCfg = Release-Dynamic|x64
		{6794B975-4E84-4F49-B2DC-C31F2224E03E}.Release-Dynamic|x64.Build.0 = Release-Dynamic|x64
		{6794B975-4E84-4F49-B2DC-C31F2224E03E}.Release-Dynamic|x86.ActiveCfg = Release-Dynamic|Win32
		{6794B975-4E84-4F49-B2DC-C31F2224E03E}.Release-Dynamic|x86.Build.0 = Release-Dynamic|Win32
		{6794B975-4E84-4F49-B2DC-C31F2224E03E}.Release-Static|ARM.ActiveCfg = Release-Static|ARM
		{6794B975-4E84-4F49-B2DC-C31F2224E03E}.Release-Static|ARM.Build.0 = Release-Static|ARM
		{6794B975-4E84-4F49-B2DC-C31F2224E03E}.Release-Static|x64.ActiveCfg = Release-Static|x64
		{6794B975-4E84-4F49-B2DC-C31F2224E03E}.Release-Static|x64.Build.0 = Release-Static|x64
		{6794B975-4E84-4F49-B2DC-C31F2224E03E}.Release-Static|x86.ActiveCfg = Release-Static|Win32
		{6794B975-4E84-4F49-B2DC-C31F2224E03E}.Release-Static|x86.Build.0 = Release-Static|Win32
		{4B059DBA-CD9C-4D0F-BE8C-FFB4EFD498E9}.Debug|ARM.ActiveCfg = Debug|ARM
		{4B059DBA-CD9C-4D0F-BE8C-FFB4EFD498E9}.Debug|ARM.Build.0 = Debug|ARM
		{4B059DBA-CD9C-4D0F-BE8C-FFB4EFD498E9}.Debug|x64.ActiveCfg = Debug|x64
		{4B059DBA-CD9C-4D0F-BE8C-FFB4EFD498E9}.Debug|x64.Build.0 = Debug|x64
		{4B059DBA-CD9C-4D0F-BE8C-FFB4EFD498E9}.Debug|x86.ActiveCfg = Debug|Win32
		{4B059DBA-CD9C-4D0F-BE8C-FFB4EFD498E9}.Debug|x86.Build.0 = Debug|Win32
		{4B059DBA-CD9C-4D0F-BE8C-FFB4EFD498E9}.Debug-Dynamic|ARM.ActiveCfg = Debug-Dynamic|ARM
		{4B059DBA-CD9C-4D0F-BE8C-FFB4EFD498E9}.Debug-Dynamic|ARM.Build.0 = Debug-Dynamic|ARM
		{4B059DBA-CD9C-4D0F-BE8C-FFB4EFD498E9}.Debug-Dynamic|x64.ActiveCfg = Debug-Dynamic|x64
		{4B059DBA-CD9C-4D0F-BE8C-FFB4EFD498E9}.Debug-Dynamic|x64.Build.0 = Debug-Dynamic|x64
		{4B059DBA-CD9C-4D0F-BE8C-FFB4EFD498E9}.Debug-Dynamic|x86.ActiveCfg = Debug-Dynamic|Win32
		{4B059DBA-CD9C-4D0F-BE8C-FFB4EFD498E9}.Debug-Dynamic|x86.Build.0 = Debug-Dynamic|Win32
		{4B059DBA-CD9C-4D0F-BE8C-FFB4EFD498E9}.Debug-Static|ARM.ActiveCfg = Debug-Static|ARM
		{4B059DBA-CD9C-4D0F-BE8C-FFB4EFD498E9}.Debug-Static|ARM.Build.0 = Debug-Static|ARM
		{4B059DBA-CD9C-4D0F-BE8C-FFB4EFD498E9}.Debug-Static|x64.ActiveCfg = Debug-Static|x64
		{4B059DBA-CD9C-4D0F-BE8C-FFB4EFD498E9}.Debug-Static|x64.Build.0 = Debug-Static|x64
		{4B059DBA-CD9C-4D0F-BE8C-FFB4EFD498E9}.Debug-Static|x86.ActiveCfg = Debug-Static|Win32
		{4B059DBA-CD9C-4D0F-BE8C-FFB4EFD498E9}.Debug-Static|x86.Build.0 = Debug-Static|Win32
		{4B059DBA-CD9C-4D0F-BE8C-FFB4EFD498E9}.Release|ARM.ActiveCfg = Release|ARM
		{4B059DBA-CD9C-4D0F-BE8C-FFB4EFD498E9}.Release|ARM.Build.0 = Release|ARM
		{4B059DBA-CD9C-4D0F-BE8C-FFB4EFD498E9}.Release|x64.ActiveCfg = Release|x64
		{4B059DBA-CD9C-4D0F-BE8C-FFB4EFD498E9}.Release|x64.Build.0 = Release|x64
		{4B059DBA-CD9C-4D0F-BE8C-FFB4EFD498E9}.Release|x86.ActiveCfg = Release|Win32
		{4B059DBA-CD9C-4D0F-BE8C-FFB4EFD498E9}.Release|x86.Build.0 = Release|Win32
		{4B059DBA-CD9C-4D0F-BE8C-FFB4EFD498E9}.Release-Dynamic|ARM.ActiveCfg = Release-Dynamic|ARM
		{4B059DBA-CD9C-4D0F-BE8C-FFB4EFD498E9}.Release-Dynamic|ARM.Build.0 = Release-Dynamic|ARM
		{4B059DBA-CD9C-4D0F-BE8C-FFB4EFD498E9}.Release-Dynamic|x64.ActiveCfg = Release-Dynamic|x64
		{4B059DBA-CD9C-4D0F-BE8C-FFB4EFD498E9}.Release-Dynamic|x64.Build.0 = Release-Dynamic|x64
		{4B059DBA-CD9C-4D0F-BE8C-FFB4EFD498E9}.Release-Dynamic|x86.ActiveCfg = Release-Dynamic|Win32
		{4B059DBA-CD9C-4D0F-BE8C-FFB4EFD498E9}.Release-Dynamic|x86.Build.0 = Release-Dynamic|Win32
		{4B059DBA-CD9C-4D0F-BE8C-FFB4EFD498E9}.Release-Static|ARM.ActiveCfg = Release-Static|ARM
		{4B059DBA-CD9C-4D0F-BE8C-FFB4EFD498E9}.Release-Static|ARM.Build.0 = Release-Static|ARM
		{4B059DBA-CD9C-4D0F-BE8C-FFB4EFD498E9}.Release-Static|x64.ActiveCfg = Release-Static|x64
		{4B059DBA-CD9C-4D0F-BE8C-FFB4EFD498E9}.Release-Static|x64.Build.0 = Release-Static|x64
		{4B059DBA-CD9C-4D0F-BE8C-FFB4EFD498E9}.Release-Static|x86.ActiveCfg = Release-Static|Win32
		{4B059DBA-CD9C-4D0F-BE8C-FFB4EFD498E9}.Release-Static|x86.Build.0 = Release-Static|Win32
		{F0DBAA03-1BA3-4E3B-A2CA-727E3D3AB858}.Debug|ARM.ActiveCfg = Debug|ARM
		{F0DBAA03-1BA3-4E3B-A2CA-727E3D3AB858}.Debug|ARM.Build.0 = Debug|ARM
		{F0DBAA03-1BA3-4E3B-A2CA-727E3D3AB858}.Debug|x64.ActiveCfg = Debug|x64
		{F0DBAA03-1BA3-4E3B-A2CA-727E3D3AB858}.Debug|x64.Build.0 = Debug|x64
		{F0DBAA03-1BA3-4E3B-A2CA-727E3D3AB858}.Debug|x86.ActiveCfg = Debug|Win32
		{F0DBAA03-1BA3-4E3B-A2CA-727E3D3AB858}.Debug|x86.Build.0 = Debug|Win32
		{F0DBAA03-1BA3-4E3B-A2CA-727E3D3AB858}.Debug-Dynamic|ARM.ActiveCfg = Debug-Dynamic|ARM
		{F0DBAA03-1BA3-4E3B-A2CA-727E3D3AB858}.Debug-Dynamic|ARM.Build.0 = Debug-Dynamic|ARM
		{F0DBAA03-1BA3-4E3B-A2CA-727E3D3AB858}.Debug-Dynamic|x64.ActiveCfg = Debug-Dynamic|x64
		{F0DBAA03-1BA3-4E3B-A2CA-727E3D3AB858}.Debug-Dynamic|x64.Build.0 = Debug-Dynamic|x64
		{F0DBAA03-1BA3-4E3B-A2CA-727E3D3AB858}.Debug-Dynamic|x86.ActiveCfg = Debug-Dynamic|Win32
		{F0DBAA03-1BA3-4E3B-A2CA-727E3D3AB858}.Debug-Dynamic|x86.Build.0 = Debug-Dynamic|Win32
		{F0DBAA03-1BA3-4E3B-A2CA-727E3D3AB858}.Debug-Static|ARM.ActiveCfg = Debug-Static|ARM
		{F0DBAA03-1BA3-4E3B-A2CA-727E3D3AB858}.Debug-Static|ARM.Build.0 = Debug-Static|ARM
		{F0DBAA03-1BA3-4E3B-A2CA-727E3D3AB858}.Debug-Static|x64.ActiveCfg = Debug-Static|x64
		{F0DBAA03-1BA3-4E3B-A2CA-727E3D3AB858}.Debug-Static|x64.Build.0 = Debug-Static|x64
		{F0DBAA03-1BA3-4E3B-A2CA-727E3D3AB858}.Debug-Static|x86.ActiveCfg = Debug-Static|Win32
		{F0DBAA03-1BA3-4E3B-A2CA-727E3D3AB858}.Debug-Static|x86.Build.0 = Debug-Static|Win32
		{F0DBAA03-1BA3-4E3B-A2CA-727E3D3AB858}.Release|ARM.ActiveCfg = Release|ARM
		{F0DBAA03-1BA3-4E3B-A2CA-727E3D3AB858}.Release|ARM.Build.0 = Release|ARM
		{F0DBAA03-1BA3-4E3B-A2CA-727E3D3AB858}.Release|x64.ActiveCfg = Release|x64
		{F0DBAA03-1BA3-4E3B-A2CA-727E3D3AB858}.Release|x64.Build.0 = Release|x64
		{F0DBAA03-1BA3-4E3B-A2CA-727E3D3AB858}.Release|x86.ActiveCfg = Release|Win32
		{F0DBAA03-1BA3-4E3B-A2CA-727E3D3AB858}.Release|x86.Build.0 = Release|Win32
		{F0DBAA03-1BA3-4E3B-A2CA-727E3D3AB858}.Release-Dynamic|ARM.ActiveCfg = Release-Dynamic|ARM
		{F0DBAA03-1BA3-4E3B-A2CA-727E3D3AB858}.Release-Dynamic|ARM.Build.0 = Release-Dynamic|ARM
		{F0DBAA03-1BA3-4E3B-A2CA-727E3D3AB858}.Release-Dynamic|x64.ActiveCfg = Release-Dynamic|x64
		{F0DBAA03-1BA3-4E3B-A2CA-727E3D3AB858}.Release-Dynamic|x64.Build.0 = Release-Dynamic|x64
		{F0DBAA03-1BA3-4E3B-A2CA-727E3D3AB858}.Release-Dynamic|x86.ActiveCfg = Release-Dynamic|Win32
		{F0DBAA03-1BA3-4E3B-A2CA-727E3D3AB858}.Release-Dynamic|x86.Build.0 = Release-Dynamic|Win32
		{F0DBAA03-1BA3-4E3B-A2CA-727E3D3AB858}.Release-Static|ARM.ActiveCfg = Release-Static|ARM
		{F0DBAA03-1BA3-4E3B-A2CA-727E3D3AB858}.Release-Static|ARM.Build.0 = Release-Static|ARM
		{F0DBAA03-1BA3-4E3B-A2CA-727E3D3AB858}.Release-Static|x64.ActiveCfg = Release-Static|x64
		{F0DBAA03-1BA3-4E3B-A2CA-727E3D3AB858}.Release-Static|x64.Build.0 = Release-Static|x64
		{F0DBAA03-1BA3-4E3B-A2CA-727E3D3AB858}.Release-Static|x86.ActiveCfg = Release-Static|Win32
		{F0DBAA03-1BA3-4E3B-A2CA-727E3D3AB858}.Release-Static|x86.Build.0 = Release-Static|Win32
		{5BCF2773-3825-4D91-9D72-3E2F650DF1DB}.Debug|ARM.ActiveCfg = Debug|ARM
		{5BCF2773-3825-4D91-9D72-3E2F650DF1DB}.Debug|ARM.Build.0 = Debug|ARM
		{5BCF2773-3825-4D91-9D72-3E2F650DF1DB}.Debug|x64.ActiveCfg = Debug|x64
		{5BCF2773-3825-4D91-9D72-3E2F650DF1DB}.Debug|x64.Build.0 = Debug|x64
		{5BCF2773-3825-4D91-9D72-3E2F650DF1DB}.Debug|x86.ActiveCfg = Debug|Win32
		{5BCF2773-3825-4D91-9D72-3E2F650DF1DB}.Debug|x86.Build.0 = Debug|Win32
		{5BCF2773-3825-4D91-9D72-3E2F650DF1DB}.Debug-Dynamic|ARM.ActiveCfg = Debug-Dynamic|ARM
		{5BCF2773-3825-4D91-9D72-3E2F650DF1DB}.Debug-Dynamic|ARM.Build.0 = Debug-Dynamic|ARM
		{5BCF2773-3825-4D91-9D72-3E2F650DF1DB}.Debug-Dynamic|x64.ActiveCfg = Debug-Dynamic|x64
		{5BCF2773-3825-4D91-9D72-3E2F650DF1DB}.Debug-Dynamic|x64.Build.0 = Debug-Dynamic|x64
		{5BCF2773-3825-4D91-9D72-3E2F650DF1DB}.Debug-Dynamic|x86.ActiveCfg = Debug-Dynamic|Win32
		{5BCF2773-3825-4D91-9D72-3E2F650DF1DB}.Debug-Dynamic|x86.Build.0 = Debug-Dynamic|Win32
		{5BCF2773-3825-4D91-9D72-3E2F650DF1DB}.Debug-Static|ARM.ActiveCfg = Debug-Static|ARM
		{5BCF2773-3825-4D91-9D72-3E2F650DF1DB}.Debug-Static|ARM.Build.0 = Debug-Static|ARM
		{5BCF2773-3825-4D91-9D72-3E2F650DF1DB}.Debug-Static|x64.ActiveCfg = Debug-Static|x64
		{5BCF2773-3825-4D91-9D72-3E2F650DF1DB}.Debug-Static|x64.Build.0 = Debug-Static|x64
		{5BCF2773-3825-4D91-9D72-3E2F650DF1DB}.Debug-Static|x86.ActiveCfg = Debug-Static|Win32
		{5BCF2773-3825-4D91-9D72-3E2F650DF1DB}.Debug-Static|x86.Build.0 = Debug-Static|Win32
		{5BCF2773-3825-4D91-9D72-3E2F650DF1DB}.Release|ARM.ActiveCfg = Release|ARM
		{5BCF2773-3825-4D91-9D72-3E2F650DF1DB}.Release|ARM.Build.0 = Release|ARM
		{5BCF2773-3825-4D91-9D72-3E2F650DF1DB}.Release|x64.ActiveCfg = Release|x64
		{5BCF2773-3825-4D91-9D72-3E2F650DF1DB}.Release|x64.Build.0 = Release|x64
		{5BCF2773-3825-4D91-9D72-3E2F650DF1DB}.Release|x86.ActiveCfg = Release|Win32
		{5BCF2773-3825-4D91-9D72-3E2F650DF1DB}.Release|x86.Build.0 = Release|Win32
		{5BCF2773-3825-4D91-9D72-3E2F650DF1DB}.Release-Dynamic|ARM.ActiveCfg = Release-Dynamic|ARM
		{5BCF2773-3825-4D91-9D72-3E2F650DF1DB}.Release-Dynamic|ARM.Build.0 = Release-Dynamic|ARM
		{5BCF2773-3825-4D91-9D72-3E2F650DF1DB}.Release-Dynamic|x64.ActiveCfg = Release-Dynamic|x64
		{5BCF2773-3825-4D91-9D72-3E2F650DF1DB}.Release-Dynamic|x64.Build.0 = Release-Dynamic|x64
		{5BCF2773-3825-4D91-9D72-3E2F650DF1DB}.Release-Dynamic|x86.ActiveCfg = Release-Dynamic|Win32
		{5BCF2773-3825-4D91-9D72-3E2F650DF1DB}.Release-Dynamic|x86.Build.0 = Release-Dynamic|Win32
		{5BCF2773-3825-4D91-9D72-3E2F650DF1DB}.Release-Static|ARM.ActiveCfg = Release-Static|ARM
		{5BCF2773-3825-4D91-9D72-3E2F650DF1DB}.Release-Static|ARM.Build.0 = Release-Static|ARM
		{5BCF2773-3825-4D91-9D72-3E2F650DF1DB}.Release-Static|x64.ActiveCfg = Release-Static|x64
		{5BCF2773-3825-4D91-9D72-3E2F650DF1DB}.Release-Static|x64.Build.0 = Release-Static|x64
		{5BCF2773-3825-4D91-9D72-3E2F650DF1DB}.Release-Static|x86.ActiveCfg = Release-Static|Win32
		{5BCF2773-3825-4D91-9D72-3E2F650DF1DB}.Release-Static|x86.Build.0 = Release-Static|Win32
		{6AC9B65F-0862-4A5C-8A9D-141516993130}.Debug|ARM.ActiveCfg = Debug|ARM
		{6AC9B65F-0862-4A5C-8A9D-141516993130}.Debug|ARM.Build.0 = Debug|ARM
		{6AC9B65F-0862-4A5C-8A9D-141516993130}.Debug|x64.ActiveCfg = Debug|x64
		{6AC9B65F-0862-4A5C-8A9D-141516993130}.Debug|x64.Build.0 = Debug|x64
		{6AC9B65F-0862-4A5C-8A9D-141516993130}.Debug|x86.ActiveCfg = Debug|Win32
		{6AC9B65F-0862-4A5C-8A9D-141516993130}.Debug|x86.Build.0 = Debug|Win32
		{6AC9B65F-0862-4A5C-8A9D-141516993130}.Debug-Dynamic|ARM.ActiveCfg = Debug-Dynamic|ARM
		{6AC9B65F-0862-4A5C-8A9D-141516993130}.Debug-Dynamic|ARM.Build.0 = Debug-Dynamic|ARM
		{6AC9B65F-0862-4A5C-8A9D-141516993130}.Debug-Dynamic|x64.ActiveCfg = Debug-Dynamic|x64
		{6AC9B65F-0862-4A5C-8A9D-141516993130}.Debug-Dynamic|x64.Build.0 = Debug-Dynamic|x64
		{6AC9B65F-0862-4A5C-8A9D-141516993130}.Debug-Dynamic|x86.ActiveCfg = Debug-Dynamic|Win32
		{6AC9B65F-0862-4A5C-8A9D-141516993130}.Debug-Dynamic|x86.Build.0 = Debug-Dynamic|Win32
		{6AC9B65F-0862-4A5C-8A9D-141516993130}.Debug-Static|ARM.ActiveCfg = Debug-Static|ARM
		{6AC9B65F-0862-4A5C-8A9D-141516993130}.Debug-Static|ARM.Build.0 = Debug-Static|ARM
		{6AC9B65F-0862-4A5C-8A9D-141516993130}.Debug-Static|x64.ActiveCfg = Debug-Static|x64
		{6AC9B65F-0862-4A5C-8A9D-141516993130}.Debug-Static|x64.Build.0 = Debug-Static|x64
		{6AC9B65F-0862-4A5C-8A9D-141516993130}.Debug-Static|x86.ActiveCfg = Debug-Static|Win32
		{6AC9B65F-0862-4A5C-8A9D-141516993130}.Debug-Static|x86.Build.0 = Debug-Static|Win32
		{6AC9B65F-0862-4A5C-8A9D-141516993130}.Release|ARM.ActiveCfg = Release|ARM
		{6AC9B65F-0862-4A5C-8A9D-141516993130}.Release|ARM.Build.0 = Release|ARM
		{6AC9B65F-0862-4A5C-8A9D-141516993130}.Release|x64.ActiveCfg = Release|x64
		{6AC9B65F-0862-4A5C-8A9D-141516993130}.Release|x64.Build.0 = Release|x64
		{6AC9B65F-0862-4A5C-8A9D-141516993130}.Release|x86.ActiveCfg = Release|Win32
		{6AC9B65F-0862-4A5C-8A9D-141516993130}.Release|x86.Build.0 = Release|Win32
		{6AC9B65F-0862-4A5C-8A9D-141516993130}.Release-Dynamic|ARM.ActiveCfg = Release-Dynamic|ARM
		{6AC9B65F-0862-4A5C-8A9D-141516993130}.Release-Dynamic|ARM.Build.0 = Release-Dynamic|ARM
		{6AC9B65F-0862-4A5C-8A9D-141516993130}.Release-Dynamic|x64.ActiveCfg = Release-Dynamic|x64
		{6AC9B65F-0862-4A5C-8A9D-141516993130}.Release-Dynamic|x64.Build.0 = Release-Dynamic|x64
		{6AC9B65F-0862-4A5C-8A9D-141516993130}.Release-Dynamic|x86.ActiveCfg = Release-Dynamic|Win32
		{6AC9B65F-0862-4A5C-8A9D-141516993130}.Release-Dynamic|x86.Build.0 = Release-Dynamic|Win32
		{6AC9B65F-0862-4A5C-8A9D-141516993130}.Release-Static|ARM.ActiveCfg = Release-Static|ARM
		{6AC9B65F-0862-4A5C-8A9D-141516993130}.Release-Static|ARM.Build.0 = Release-Static|ARM
		{6AC9B65F-0862-4A5C-8A9D-141516993130}.Release-Static|x64.ActiveCfg = Release-Static|x64
		{6AC9B65F-0862-4A5C-8A9D-141516993130}.Release-Static|x64.Build.0 = Release-Static|x64
		{6AC9B65F-0862-4A5C-8A9D-141516993130}.Release-Static|x86.ActiveCfg = Release-Static|Win32
		{6AC9B65F-0862-4A5C-8A9D-141516993130}.Release-Static|x86.Build.0 = Release-Static|Win32
		{DA0E03ED-53A7-4050-8A85-90541C5509F8}.Debug|ARM.ActiveCfg = Debug|ARM
		{DA0E03ED-53A7-4050-8A85-90541C5509F8}.Debug|ARM.Build.0 = Debug|ARM
		{DA0E03ED-53A7-4050-8A85-90541C5509F8}.Debug|x64.ActiveCfg = Debug|x64
		{DA0E03ED-53A7-4050-8A85-90541C5509F8}.Debug|x64.Build.0 = Debug|x64
		{DA0E03ED-53A7-4050-8A85-90541C5509F8}.Debug|x86.ActiveCfg = Debug|Win32
		{DA0E03ED-53A7-4050-8A85-90541C5509F8}.Debug|x86.Build.0 = Debug|Win32
		{DA0E03ED-53A7-4050-8A85-90541C5509F8}.Debug-Dynamic|ARM.ActiveCfg = Debug-Dynamic|ARM
		{DA0E03ED-53A7-4050-8A85-90541C5509F8}.Debug-Dynamic|ARM.Build.0 = Debug-Dynamic|ARM
		{DA0E03ED-53A7-4050-8A85-90541C5509F8}.Debug-Dynamic|x64.ActiveCfg = Debug-Dynamic|x64
		{DA0E03ED-53A7-4050-8A85-90541C5509F8}.Debug-Dynamic|x64.Build.0 = Debug-Dynamic|x64
		{DA0E03ED-53A7-4050-8A85-90541C5509F8}.Debug-Dynamic|x86.ActiveCfg = Debug-Dynamic|Win32
		{DA0E03ED-53A7-4050-8A85-90541C5509F8}.Debug-Dynamic|x86.Build.0 = Debug-Dynamic|Win32
		{DA0E03ED-53A7-4050-8A85-90541C5509F8}.Debug-Static|ARM.ActiveCfg = Debug-Static|ARM
		{DA0E03ED-53A7-4050-8A85-90541C5509F8}.Debug-Static|ARM.Build.0 = Debug-Static|ARM
		{DA0E03ED-53A7-4050-8A85-90541C5509F8}.Debug-Static|x64.ActiveCfg = Debug-Static|x64
		{DA0E03ED-53A7-4050-8A85-90541C5509F8}.Debug-Static|x64.Build.0 = Debug-Static|x64
		{DA0E03ED-53A7-4050-8A85-90541C5509F8}.Debug-Static|x86.ActiveCfg = Debug-Static|Win32
		{DA0E03ED-53A7-4050-8A85-90541C5509F8}.Debug-Static|x86.Build.0 = Debug-Static|Win32
		{DA0E03ED-53A7-4050-8A85-90541C5509F8}.Release|ARM.ActiveCfg = Release|ARM
		{DA0E03ED-53A7-4050-8A85-90541C5509F8}.Release|ARM.Build.0 = Release|ARM
		{DA0E03ED-53A7-4050-8A85-90541C5509F8}.Release|x64.ActiveCfg = Release|x64
		{DA0E03ED-53A7-4050-8A85-90541C5509F8}.Release|x64.Build.0 = Release|x64
		{DA0E03ED-53A7-4050-8A85-90541C5509F8}.Release|x86.ActiveCfg = Release|Win32
		{DA0E03ED-53A7-4050-8A85-90541C5509F8}.Release|x86.Build.0 = Release|Win32
		{DA0E03ED-53A7-4050-8A85-90541C5509F8}.Release-Dynamic|ARM.ActiveCfg = Release-Dynamic|ARM
		{DA0E03ED-53A7-4050-8A85-90541C5509F8}.Release-Dynamic|ARM.Build.0 = Release-Dynamic|ARM
		{DA0E03ED-53A7-4050-8A85-90541C5509F8}.Release-Dynamic|x64.ActiveCfg = Release-Dynamic|x64
		{DA0E03ED-53A7-4050-8A85-90541C5509F8}.Release-Dynamic|x64.Build.0 = Release-Dynamic|x64
		{DA0E03ED-53A7-4050-8A85-90541C5509F8}.Release-Dynamic|x86.ActiveCfg = Release-Dynamic|Win32
		{DA0E03ED-53A7-4050-8A85-90541C5509F8}.Release-Dynamic|x86.Build.0 = Release-Dynamic|Win32
		{DA0E03ED-53A7-4050-8A85-90541C5509F8}.Release-Static|ARM.ActiveCfg = Release-Static|ARM
		{DA0E03ED-53A7-4050-8A85-90541C5509F8}.Release-Static|ARM.Build.0 = Release-Static|ARM
		{DA0E03ED-53A7-4050-8A85-90541C5509F8}.Release-Static|x64.ActiveCfg = Release-Static|x64
		{DA0E03ED-53A7-4050-8A85-90541C5509F8}.Release-Static|x64.Build.0 = Release-Static|x64
		{DA0E03ED-53A7-4050-8A85-90541C5509F8}.Release-Static|x86.ActiveCfg = Release-Static|Win32
		{DA0E03ED-53A7-4050-8A85-90541C5509F8}.Release-Static|x86.Build.0 = Release-Static|Win32
		{FE07F272-AE7F-4549-9E9F-EF9B80CB1693}.Debug|ARM.ActiveCfg = Debug|ARM
		{FE07F272-AE7F-4549-9E9F-EF9B80CB1693}.Debug|ARM.Build.0 = Debug|ARM
		{FE07F272-AE7F-4549-9E9F-EF9B80CB1693}.Debug|x64.ActiveCfg = Debug|x64
		{FE07F272-AE7F-4549-9E9F-EF9B80CB1693}.Debug|x64.Build.0 = Debug|x64
		{FE07F272-AE7F-4549-9E9F-EF9B80CB1693}.Debug|x86.ActiveCfg = Debug|Win32
		{FE07F272-AE7F-4549-9E9F-EF9B80CB1693}.Debug|x86.Build.0 = Debug|Win32
		{FE07F272-AE7F-4549-9E9F-EF9B80CB1693}.Debug-Dynamic|ARM.ActiveCfg = Debug-Dynamic|ARM
		{FE07F272-AE7F-4549-9E9F-EF9B80CB1693}.Debug-Dynamic|ARM.Build.0 = Debug-Dynamic|ARM
		{FE07F272-AE7F-4549-9E9F-EF9B80CB1693}.Debug-Dynamic|x64.ActiveCfg = Debug-Dynamic|x64
		{FE07F272-AE7F-4549-9E9F-EF9B80CB1693}.Debug-Dynamic|x64.Build.0 = Debug-Dynamic|x64
		{FE07F272-AE7F-4549-9E9F-EF9B80CB1693}.Debug-Dynamic|x86.ActiveCfg = Debug-Dynamic|Win32
		{FE07F272-AE7F-4549-9E9F-EF9B80CB1693}.Debug-Dynamic|x86.Build.0 = Debug-Dynamic|Win32
		{FE07F272-AE7F-4549-9E9F-EF9B80CB1693}.Debug-Static|ARM.ActiveCfg = Debug-Static|ARM
		{FE07F272-AE7F-4549-9E9F-EF9B80CB1693}.Debug-Static|ARM.Build.0 = Debug-Static|ARM
		{FE07F272-AE7F-4549-9E9F-EF9B80CB1693}.Debug-Static|x64.ActiveCfg = Debug-Static|x64
		{FE07F272-AE7F-4549-9E9F-EF9B80CB1693}.Debug-Static|x64.Build.0 = Debug-Static|x64
		{FE07F272-AE7F-4549-9E9F-EF9B80CB1693}.Debug-Static|x86.ActiveCfg = Debug-Static|Win32
		{FE07F272-AE7F-4549-9E9F-EF9B80CB1693}.Debug-Static|x86.Build.0 = Debug-Static|Win32
		{FE07F272-AE7F-4549-9E9F-EF9B80CB1693}.Release|ARM.ActiveCfg = Release|ARM
		{FE07F272-AE7F-4549-9E9F-EF9B80CB1693}.Release|ARM.Build.0 = Release|ARM
		{FE07F272-AE7F-4549-9E9F-EF9B80CB1693}.Release|x64.ActiveCfg = Release|x64
		{FE07F272-AE7F-4549-9E9F-EF9B80CB1693}.Release|x64.Build.0 = Release|x64
		{FE07F272-AE7F-4549-9E9F-EF9B80CB1693}.Release|x86.ActiveCfg = Release|Win32
		{FE07F272-AE7F-4549-9E9F-EF9B80CB1693}.Release|x86.Build.0 = Release|Win32
		{FE07F272-AE7F-4549-9E9F-EF9B80CB1693}.Release-Dynamic|ARM.ActiveCfg = Release-Dynamic|ARM
		{FE07F272-AE7F-4549-9E9F-EF9B80CB1693}.Release-Dynamic|ARM.Build.0 = Release-Dynamic|ARM
		{FE07F272-AE7F-4549-9E9F-EF9B80CB1693}.Release-Dynamic|x64.ActiveCfg = Release-Dynamic|x64
		{FE07F272-AE7F-4549-9E9F-EF9B80CB1693}.Release-Dynamic|x64.Build.0 = Release-Dynamic|x64
		{FE07F272-AE7F-4549-9E9F-EF9B80CB1693}.Release-Dynamic|x86.ActiveCfg = Release-Dynamic|Win32
		{FE07F272-AE7F-4549-9E9F-EF9B80CB1693}.Release-Dynamic|x86.Build.0 = Release-Dynamic|Win32
		{FE07F272-AE7F-4549-9E9F-EF9B80CB1693}.Release-Static|ARM.ActiveCfg = Release-Static|ARM
		{FE07F272-AE7F-4549-9E9F-EF9B80CB1693}.Release-Static|ARM.Build.0 = Release-Static|ARM
		{FE07F272-AE7F-4549-9E9F-EF9B80CB1693}.Release-Static|x64.ActiveCfg = Release-Static|x64
		{FE07F272-AE7F-4549-9E9F-EF9B80CB1693}.Release-Static|x64.Build.0 = Release-Static|x64
		{FE07F272-AE7F-4549-9E9F-EF9B80CB1693}.Release-Static|x86.ActiveCfg = Release-Static|Win32
		{FE07F272-AE7F-4549-9E9F-EF9B80CB1693}.Release-Static|x86.Build.0 = Release-Static|Win32
		{7FDE3880-A4AB-49E3-B439-EBEF0A0C7A65}.Debug|ARM.ActiveCfg = Debug|ARM
		{7FDE3880-A4AB-49E3-B439-EBEF0A0C7A65}.Debug|ARM.Build.0 = Debug|ARM
		{7FDE3880-A4AB-49E3-B439-EBEF0A0C7A65}.Debug|x64.ActiveCfg = Debug|x64
		{7FDE3880-A4AB-49E3-B439-EBEF0A0C7A65}.Debug|x64.Build.0 = Debug|x64
		{7FDE3880-A4AB-49E3-B439-EBEF0A0C7A65}.Debug|x86.ActiveCfg = Debug|Win32
		{7FDE3880-A4AB-49E3-B439-EBEF0A0C7A65}.Debug|x86.Build.0 = Debug|Win32
		{7FDE3880-A4AB-49E3-B439-EBEF0A0C7A65}.Debug-Dynamic|ARM.ActiveCfg = Debug-Dynamic|ARM
		{7FDE3880-A4AB-49E3-B439-EBEF0A0C7A65}.Debug-Dynamic|ARM.Build.0 = Debug-Dynamic|ARM
		{7FDE3880-A4AB-49E3-B439-EBEF0A0C7A65}.Debug-Dynamic|x64.ActiveCfg = Debug-Dynamic|x64
		{7FDE3880-A4AB-49E3-B439-EBEF0A0C7A65}.Debug-Dynamic|x64.Build.0 = Debug-Dynamic|x64
		{7FDE3880-A4AB-49E3-B439-EBEF0A0C7A65}.Debug-Dynamic|x86.ActiveCfg = Debug-Dynamic|Win32
		{7FDE3880-A4AB-49E3-B439-EBEF0A0C7A65}.Debug-Dynamic|x86.Build.0 = Debug-Dynamic|Win32
		{7FDE3880-A4AB-49E3-B439-EBEF0A0C7A65}.Debug-Static|ARM.ActiveCfg = Debug-Static|ARM
		{7FDE3880-A4AB-49E3-B439-EBEF0A0C7A65}.Debug-Static|ARM.Build.0 = Debug-Static|ARM
		{7FDE3880-A4AB-49E3-B439-EBEF0A0C7A65}.Debug-Static|x64.ActiveCfg = Debug-Static|x64
		{7FDE3880-A4AB-49E3-B439-EBEF0A0C7A65}.Debug-Static|x64.Build.0 = Debug-Static|x64
		{7FDE3880-A4AB-49E3-B439-EBEF0A0C7A65}.Debug-Static|x86.ActiveCfg = Debug-Static|Win32
		{7FDE3880-A4AB-49E3-B439-EBEF0A0C7A65}.Debug-Static|x86.Build.0 = Debug-Static|Win32
		{7FDE3880-A4AB-49E3-B439-EBEF0A0C7A65}.Release|ARM.ActiveCfg = Release|ARM
		{7FDE3880-A4AB-49E3-B439-EBEF0A0C7A65}.Release|ARM.Build.0 = Release|ARM
		{7FDE3880-A4AB-49E3-B439-EBEF0A0C7A65}.Release|x64.ActiveCfg = Release|x64
		{7FDE3880-A4AB-49E3-B439-EBEF0A0C7A65}.Release|x64.Build.0 = Release|x64
		{7FDE3880-A4AB-49E3-B439-EBEF0A0C7A65}.Release|x86.ActiveCfg = Release|Win32
		{7FDE3880-A4AB-49E3-B439-EBEF0A0C7A65}.Release|x86.Build.0 = Release|Win32
		{7FDE3880-A4AB-49E3-B439-EBEF0A0C7A65}.Release-Dynamic|ARM.ActiveCfg = Release-Dynamic|ARM
		{7FDE3880-A4AB-49E3-B439-EBEF0A0C7A65}.Release-Dynamic|ARM.Build.0 = Release-Dynamic|ARM
		{7FDE3880-A4AB-49E3-B439-EBEF0A0C7A65}.Release-Dynamic|x64.ActiveCfg = Release-Dynamic|x64
		{7FDE3880-A4AB-49E3-B439-EBEF0A0C7A65}.Release-Dynamic|x64.Build.0 = Release-Dynamic|x64
		{7FDE3880-A4AB-49E3-B439-EBEF0A0C7A65}.Release-Dynamic|x86.ActiveCfg = Release-Dynamic|Win32
		{7FDE3880-A4AB-49E3-B439-EBEF0A0C7A65}.Release-Dynamic|x86.Build.0 = Release-Dynamic|Win32
		{7FDE3880-A4AB-49E3-B439-EBEF0A0C7A65}.Release-Static|ARM.ActiveCfg = Release-Static|ARM
		{7FDE3880-A4AB-49E3-B439-EBEF0A0C7A65}.Release-Static|ARM.Build.0 = Release-Static|ARM
		{7FDE3880-A4AB-49E3-B439-EBEF0A0C7A65}.Release-Static|x64.ActiveCfg = Release-Static|x64
		{7FDE3880-A4AB-49E3-B439-EBEF0A0C7A65}.Release-Static|x64.Build.0 = Release-Static|x64
		{7FDE3880-A4AB-49E3-B439-EBEF0A0C7A65}.Release-Static|x86.ActiveCfg = Release-Static|Win32
		{7FDE3880-A4AB-49E3-B439-EBEF0A0C7A65}.Release-Static|x86.Build.0 = Release-Static|Win32
		{4281CA5E-1D48-45D4-A991-2718A454B4BA}.Debug|ARM.ActiveCfg = Debug|ARM
		{4281CA5E-1D48-45D4-A991-2718A454B4BA}.Debug|ARM.Build.0 = Debug|ARM
		{4281CA5E-1D48-45D4-A991-2718A454B4BA}.Debug|x64.ActiveCfg = Debug|x64
		{4281CA5E-1D48-45D4-A991-2718A454B4BA}.Debug|x64.Build.0 = Debug|x64
		{4281CA5E-1D48-45D4-A991-2718A454B4BA}.Debug|x86.ActiveCfg = Debug|Win32
		{4281CA5E-1D48-45D4-A991-2718A454B4BA}.Debug|x86.Build.0 = Debug|Win32
		{4281CA5E-1D48-45D4-A991-2718A454B4BA}.Debug-Dynamic|ARM.ActiveCfg = Debug-Dynamic|ARM
		{4281CA5E-1D48-45D4-A991-2718A454B4BA}.Debug-Dynamic|ARM.Build.0 = Debug-Dynamic|ARM
		{4281CA5E-1D48-45D4-A991-2718A454B4BA}.Debug-Dynamic|x64.ActiveCfg = Debug-Dynamic|x64
		{4281CA5E-1D48-45D4-A991-2718A454B4BA}.Debug-Dynamic|x64.Build.0 = Debug-Dynamic|x64
		{4281CA5E-1D48-45D4-A991-2718A454B4BA}.Debug-Dynamic|x86.ActiveCfg = Debug-Dynamic|Win32
		{4281CA5E-1D48-45D4-A991-2718A454B4BA}.Debug-Dynamic|x86.Build.0 = Debug-Dynamic|Win32
		{4281CA5E-1D48-45D4-A991-2718A454B4BA}.Debug-Static|ARM.ActiveCfg = Debug-Static|ARM
		{4281CA5E-1D48-45D4-A991-2718A454B4BA}.Debug-Static|ARM.Build.0 = Debug-Static|ARM
		{4281CA5E-1D48-45D4-A991-2718A454B4BA}.Debug-Static|x64.ActiveCfg = Debug-Static|x64
		{4281CA5E-1D48-45D4-A991-2718A454B4BA}.Debug-Static|x64.Build.0 = Debug-Static|x64
		{4281CA5E-1D48-45D4-A991-2718A454B4BA}.Debug-Static|x86.ActiveCfg = Debug-Static|Win32
		{4281CA5E-1D48-45D4-A991-2718A454B4BA}.Debug-Static|x86.Build.0 = Debug-Static|Win32
		{4281CA5E-1D48-45D4-A991-2718A454B4BA}.Release|ARM.ActiveCfg = Release|ARM
		{4281CA5E-1D48-45D4-A991-2718A454B4BA}.Release|ARM.Build.0 = Release|ARM
		{4281CA5E-1D48-45D4-A991-2718A454B4BA}.Release|x64.ActiveCfg = Release|x64
		{4281CA5E-1D48-45D4-A991-2718A454B4BA}.Release|x64.Build.0 = Release|x64
		{4281CA5E-1D48-45D4-A991-2718A454B4BA}.Release|x86.ActiveCfg = Release|Win32
		{4281CA5E-1D48-45D4-A991-2718A454B4BA}.Release|x86.Build.0 = Release|Win32
		{4281CA5E-1D48-45D4-A991-2718A454B4BA}.Release-Dynamic|ARM.ActiveCfg = Release-Dynamic|ARM
		{4281CA5E-1D48-45D4-A991-2718A454B4BA}.Release-Dynamic|ARM.Build.0 = Release-Dynamic|ARM
		{4281CA5E-1D48-45D4-A991-2718A454B4BA}.Release-Dynamic|x64.ActiveCfg = Release-Dynamic|x64
		{4281CA5E-1D48-45D4-A991-2718A454B4BA}.Release-Dynamic|x64.Build.0 = Release-Dynamic|x64
		{4281CA5E-1D48-45D4-A991-2718A454B4BA}.Release-Dynamic|x86.ActiveCfg = Release-Dynamic|Win32
		{4281CA5E-1D48-45D4-A991-2718A454B4BA}.Release-Dynamic|x86.Build.0 = Release-Dynamic|Win32
		{4281CA5E-1D48-45D4-A991-2718A454B4BA}.Release-Static|ARM.ActiveCfg = Release-Static|ARM
		{4281CA5E-1D48-45D4-A991-2718A454B4BA}.Release-Static|ARM.Build.0 = Release-Static|ARM
		{4281CA5E-1D48-45D4-A991-2718A454B4BA}.Release-Static|x64.ActiveCfg = Release-Static|x64
		{4281CA5E-1D48-45D4-A991-2718A454B4BA}.Release-Static|x64.Build.0 = Release-Static|x64
		{4281CA5E-1D48-45D4-A991-2718A454B4BA}.Release-Static|x86.ActiveCfg = Release-Static|Win32
		{4281CA5E-1D48-45D4-A991-2718A454B4BA}.Release-Static|x86.Build.0 = Release-Static|Win32
		{855DC8C0-D3E9-4A2E-AE47-116605A7BC9B}.Debug|ARM.ActiveCfg = Debug|ARM
		{855DC8C0-D3E9-4A2E-AE47-116605A7BC9B}.Debug|ARM.Build.0 = Debug|ARM
		{855DC8C0-D3E9-4A2E-AE47-116605A7BC9B}.Debug|x64.ActiveCfg = Debug|x64
		{855DC8C0-D3E9-4A2E-AE47-116605A7BC9B}.Debug|x64.Build.0 = Debug|x64
		{855DC8C0-D3E9-4A2E-AE47-116605A7BC9B}.Debug|x86.ActiveCfg = Debug|Win32
		{855DC8C0-D3E9-4A2E-AE47-116605A7BC9B}.Debug|x86.Build.0 = Debug|Win32
		{855DC8C0-D3E9-4A2E-AE47-116605A7BC9B}.Debug-Dynamic|ARM.ActiveCfg = Debug-Dynamic|ARM
		{855DC8C0-D3E9-4A2E-AE47-116605A7BC9B}.Debug-Dynamic|ARM.Build.0 = Debug-Dynamic|ARM
		{855DC8C0-D3E9-4A2E-AE47-116605A7BC9B}.Debug-Dynamic|x64.ActiveCfg = Debug-Dynamic|x64
		{855DC8C0-D3E9-4A2E-AE47-116605A7BC9B}.Debug-Dynamic|x64.Build.0 = Debug-Dynamic|x64
		{855DC8C0-D3E9-4A2E-AE47-116605A7BC9B}.Debug-Dynamic|x86.ActiveCfg = Debug-Dynamic|Win32
		{855DC8C0-D3E9-4A2E-AE47-116605A7BC9B}.Debug-Dynamic|x86.Build.0 = Debug-Dynamic|Win32
		{855DC8C0-D3E9-4A2E-AE47-116605A7BC9B}.Debug-Static|ARM.ActiveCfg = Debug-Static|ARM
		{855DC8C0-D3E9-4A2E-AE47-116605A7BC9B}.Debug-Static|ARM.Build.0 = Debug-Static|ARM
		{855DC8C0-D3E9-4A2E-AE47-116605A7BC9B}.Debug-Static|x64.ActiveCfg = Debug-Static|x64
		{855DC8C0-D3E9-4A2E-AE47-116605A7BC9B}.Debug-Static|x64.Build.0 = Debug-Static|x64
		{855DC8C0-D3E9-4A2E-AE47-116605A7BC9B}.Debug-Static|x86.ActiveCfg = Debug-Static|Win32
		{855DC8C0-D3E9-4A2E-AE47-116605A7BC9B}.Debug-Static|x86.Build.0 = Debug-Static|Win32
		{855DC8C0-D3E9-4A2E-AE47-116605A7BC9B}.Release|ARM.ActiveCfg = Release|ARM
		{855DC8C0-D3E9-4A2E-AE47-116605A7BC9B}.Release|ARM.Build.0 = Release|ARM
		{855DC8C0-D3E9-4A2E-AE47-116605A7BC9B}.Release|x64.ActiveCfg = Release|x64
		{855DC8C0-D3E9-4A2E-AE47-116605A7BC9B}.Release|x64.Build.0 = Release|x64
		{855DC8C0-D3E9-4A2E-AE47-116605A7BC9B}.Release|x86.ActiveCfg = Release|Win32
		{855DC8C0-D3E9-4A2E-AE47-116605A7BC9B}.Release|x86.Build.0 = Release|Win32
		{855DC8C0-D3E9-4A2E-AE47-116605A7BC9B}.Release-Dynamic|ARM.ActiveCfg = Release-Dynamic|ARM
		{855DC8C0-D3E9-4A2E-AE47-116605A7BC9B}.Release-Dynamic|ARM.Build.0 = Release-Dynamic|ARM
		{855DC8C0-D3E9-4A2E-AE47-116605A7BC9B}.Release-Dynamic|x64.ActiveCfg = Release-Dynamic|x64
		{855DC8C0-D3E9-4A2E-AE47-116605A7BC9B}.Release-Dynamic|x64.Build.0 = Release-Dynamic|x64
		{855DC8C0-D3E9-4A2E-AE47-116605A7BC9B}.Release-Dynamic|x86.ActiveCfg = Release-Dynamic|Win32
		{855DC8C0-D3E9-4A2E-AE47-116605A7BC9B}.Release-Dynamic|x86.Build.0 = Release-Dynamic|Win32
		{855DC8C0-D3E9-4A2E-AE47-116605A7BC9B}.Release-Static|ARM.ActiveCfg = Release-Static|ARM
		{855DC8C0-D3E9-4A2E-AE47-116605A7BC9B}.Release-Static|ARM.Build.0 = Release-Static|ARM
		{855DC8C0-D3E9-4A2E-AE47-116605A7BC9B}.Release-Static|x64.ActiveCfg = Release-Static|x64
		{855DC8C0-D3E9-4A2E-AE47-116605A7BC9B}.Release-Static|x64.Build.0 = Release-Static|x64
		{855DC8C0-D3E9-4A2E-AE47-116605A7BC9B}.Release-Static|x86.ActiveCfg = Release-Static|Win32
		{855DC8C0-D3E9-4A2E-AE47-116605A7BC9B}.Release-Static|x86.Build.0 = Release-Static|Win32
		{A5D9AA24-08ED-48B9-BD65-F0A25E96BFC4}.Debug|ARM.ActiveCfg = Debug|ARM
		{A5D9AA24-08ED-48B9-BD65-F0A25E96BFC4}.Debug|ARM.Build.0 = Debug|ARM
		{A5D9AA24-08ED-48B9-BD65-F0A25E96BFC4}.Debug|x64.ActiveCfg = Debug|x64
		{A5D9AA24-08ED-48B9-BD65-F0A25E96BFC4}.Debug|x64.Build.0 = Debug|x64
		{A5D9AA24-08ED-48B9-BD65-F0A25E96BFC4}.Debug|x86.ActiveCfg = Debug|Win32
		{A5D9AA24-08ED-48B9-BD65-F0A25E96BFC4}.Debug|x86.Build.0 = Debug|Win32
		{A5D9AA24-08ED-48B9-BD65-F0A25E96BFC4}.Debug-Dynamic|ARM.ActiveCfg = Debug-Dynamic|ARM
		{A5D9AA24-08ED-48B9-BD65-F0A25E96BFC4}.Debug-Dynamic|ARM.Build.0 = Debug-Dynamic|ARM
		{A5D9AA24-08ED-48B9-BD65-F0A25E96BFC4}.Debug-Dynamic|x64.ActiveCfg = Debug-Dynamic|x64
		{A5D9AA24-08ED-48B9-BD65-F0A25E96BFC4}.Debug-Dynamic|x64.Build.0 = Debug-Dynamic|x64
		{A5D9AA24-08ED-48B9-BD65-F0A25E96BFC4}.Debug-Dynamic|x86.ActiveCfg = Debug-Dynamic|Win32
		{A5D9AA24-08ED-48B9-BD65-F0A25E96BFC4}.Debug-Dynamic|x86.Build.0 = Debug-Dynamic|Win32
		{A5D9AA24-08ED-48B9-BD65-F0A25E96BFC4}.Debug-Static|ARM.ActiveCfg = Debug-Static|ARM
		{A5D9AA24-08ED-48B9-BD65-F0A25E96BFC4}.Debug-Static|ARM.Build.0 = Debug-Static|ARM
		{A5D9AA24-08ED-48B9-BD65-F0A25E96BFC4}.Debug-Static|x64.ActiveCfg = Debug-Static|x64
		{A5D9AA24-08ED-48B9-BD65-F0A25E96BFC4}.Debug-Static|x64.Build.0 = Debug-Static|x64
		{A5D9AA24-08ED-48B9-BD65-F0A25E96BFC4}.Debug-Static|x86.ActiveCfg = Debug-Static|Win32
		{A5D9AA24-08ED-48B9-BD65-F0A25E96BFC4}.Debug-Static|x86.Build.0 = Debug-Static|Win32
		{A5D9AA24-08ED-48B9-BD65-F0A25E96BFC4}.Release|ARM.ActiveCfg = Release|ARM
		{A5D9AA24-08ED-48B9-BD65-F0A25E96BFC4}.Release|ARM.Build.0 = Release|ARM
		{A5D9AA24-08ED-48B9-BD65-F0A25E96BFC4}.Release|x64.ActiveCfg = Release|x64
		{A5D9AA24-08ED-48B9-BD65-F0A25E96BFC4}.Release|x64.Build.0 = Release|x64
		{A5D9AA24-08ED-48B9-BD65-F0A25E96BFC4}.Release|x86.ActiveCfg = Release|Win32
		{A5D9AA24-08ED-48B9-BD65-F0A25E96BFC4}.Release|x86.Build.0 = Release|Win32
		{A5D9AA24-08ED-48B9-BD65-F0A25E96BFC4}.Release-Dynamic|ARM.ActiveCfg = Release-Dynamic|ARM
		{A5D9AA24-08ED-48B9-BD65-F0A25E96BFC4}.Release-Dynamic|ARM.Build.0 = Release-Dynamic|ARM
		{A5D9AA24-08ED-48B9-BD65-F0A25E96BFC4}.Release-Dynamic|x64.ActiveCfg = Release-Dynamic|x64
		{A5D9AA24-08ED-48B9-BD65-F0A25E96BFC4}.Release-Dynamic|x64.Build.0 = Release-Dynamic|x64
		{A5D9AA24-08ED-48B9-BD65-F0A25E96BFC4}.Release-Dynamic|x86.ActiveCfg = Release-Dynamic|Win32
		{A5D9AA24-08ED-48B9-BD65-F0A25E96BFC4}.Release-Dynamic|x86.Build.0 = Release-Dynamic|Win32
		{A5D9AA24-08ED-48B9-BD65-F0A25E96BFC4}.Release-Static|ARM.ActiveCfg = Release-Static|ARM
		{A5D9AA24-08ED-48B9-BD65-F0A25E96BFC4}.Release-Static|ARM.Build.0 = Release-Static|ARM
		{A5D9AA24-08ED-48B9-BD65-F0A25E96BFC4}.Release-Static|x64.ActiveCfg = Release-Static|x64
		{A5D9AA24-08ED-48B9-BD65-F0A25E96BFC4}.Release-Static|x64.Build.0 = Release-Static|x64
		{A5D9AA24-08ED-48B9-BD65-F0A25E96BFC4}.Release-Static|x86.ActiveCfg = Release-Static|Win32
		{A5D9AA24-08ED-48B9-BD65-F0A25E96BFC4}.Release-Static|x86.Build.0 = Release-Static|Win32
		{2BB84911-C1B4-4747-B93D-36AA82CC5031}.Debug|ARM.ActiveCfg = Debug|ARM
		{2BB84911-C1B4-4747-B93D-36AA82CC5031}.Debug|ARM.Build.0 = Debug|ARM
		{2BB84911-C1B4-4747-B93D-36AA82CC5031}.Debug|x64.ActiveCfg = Debug|x64
		{2BB84911-C1B4-4747-B93D-36AA82CC5031}.Debug|x64.Build.0 = Debug|x64
		{2BB84911-C1B4-4747-B93D-36AA82CC5031}.Debug|x86.ActiveCfg = Debug|Win32
		{2BB84911-C1B4-4747-B93D-36AA82CC5031}.Debug|x86.Build.0 = Debug|Win32
		{2BB84911-C1B4-4747-B93D-36AA82CC5031}.Debug-Dynamic|ARM.ActiveCfg = Debug-Dynamic|ARM
		{2BB84911-C1B4-4747-B93D-36AA82CC5031}.Debug-Dynamic|ARM.Build.0 = Debug-Dynamic|ARM
		{2BB84911-C1B4-4747-B93D-36AA82CC5031}.Debug-Dynamic|x64.ActiveCfg = Debug-Dynamic|x64
		{2BB84911-C1B4-4747-B93D-36AA82CC5031}.Debug-Dynamic|x64.Build.0 = Debug-Dynamic|x64
		{2BB84911-C1B4-4747-B93D-36AA82CC5031}.Debug-Dynamic|x86.ActiveCfg = Debug-Dynamic|Win32
		{2BB84911-C1B4-4747-B93D-36AA82CC5031}.Debug-Dynamic|x86.Build.0 = Debug-Dynamic|Win32
		{2BB84911-C1B4-4747-B93D-36AA82CC5031}.Debug-Static|ARM.ActiveCfg = Debug-Static|ARM
		{2BB84911-C1B4-4747-B93D-36AA82CC5031}.Debug-Static|ARM.Build.0 = Debug-Static|ARM
		{2BB84911-C1B4-4747-B93D-36AA82CC5031}.Debug-Static|x64.ActiveCfg = Debug-Static|x64
		{2BB84911-C1B4-4747-B93D-36AA82CC5031}.Debug-Static|x64.Build.0 = Debug-Static|x64
		{2BB84911-C1B4-4747-B93D-36AA82CC5031}.Debug-Static|x86.ActiveCfg = Debug-Static|Win32
		{2BB84911-C1B4-4747-B93D-36AA82CC5031}.Debug-Static|x86.Build.0 = Debug-Static|Win32
		{2BB84911-C1B4-4747-B93D-36AA82CC5031}.Release|ARM.ActiveCfg = Release|ARM
		{2BB84911-C1B4-4747-B93D-36AA82CC5031}.Release|ARM.Build.0 = Release|ARM
		{2BB84911-C1B4-4747-B93D-36AA82CC5031}.Release|x64.ActiveCfg = Release|x64
		{2BB84911-C1B4-4747-B93D-36AA82CC5031}.Release|x64.Build.0 = Release|x64
		{2BB84911-C1B4-4747-B93D-36AA82CC5031}.Release|x86.ActiveCfg = Release|Win32
		{2BB84911-C1B4-4747-B93D-36AA82CC5031}.Release|x86.Build.0 = Release|Win32
		{2BB84911-C1B4-4747-B93D-36AA82CC5031}.Release-Dynamic|ARM.ActiveCfg = Release-Dynamic|ARM
		{2BB84911-C1B4-4747-B93D-36AA82CC5031}.Release-Dynamic|ARM.Build.0 = Release-Dynamic|ARM
		{2BB84911-C1B4-4747-B93D-36AA82CC5031}.Release-Dynamic|x64.ActiveCfg = Release-Dynamic|x64
		{2BB84911-C1B4-4747-B93D-36AA82CC5031}.Release-Dynamic|x64.Build.0 = Release-Dynamic|x64
		{2BB84911-C1B4-4747-B93D-36AA82CC5031}.Release-Dynamic|x86.ActiveCfg = Release-Dynamic|Win32
		{2BB84911-C1B4-4747-B93D-36AA82CC5031}.Release-Dynamic|x86.Build.0 = Release-Dynamic|Win32
		{2BB84911-C1B4-4747-B93D-36AA82CC5031}.Release-Static|ARM.ActiveCfg = Release-Static|ARM
		{2BB84911-C1B4-4747-B93D-36AA82CC5031}.Release-Static|ARM.Build.0 = Release-Static|ARM
		{2BB84911-C1B4-4747-B93D-36AA82CC5031}.Release-Static|x64.ActiveCfg = Release-Static|x64
		{2BB84911-C1B4-4747-B93D-36AA82CC5031}.Release-Static|x64.Build.0 = Release-Static|x64
		{2BB84911-C1B4-4747-B93D-36AA82CC5031}.Release-Static|x86.ActiveCfg = Release-Static|Win32
		{2BB84911-C1B4-4747-B93D-36AA82CC5031}.Release-Static|x86.Build.0 = Release-Static|Win32
		{4B5945CD-0CB3-49AA-A7FF-7612D93F82C0}.Debug|ARM.ActiveCfg = Debug|ARM
		{4B5945CD-0CB3-49AA-A7FF-7612D93F82C0}.Debug|ARM.Build.0 = Debug|ARM
		{4B5945CD-0CB3-49AA-A7FF-7612D93F82C0}.Debug|x64.ActiveCfg = Debug|x64
		{4B5945CD-0CB3-49AA-A7FF-7612D93F82C0}.Debug|x64.Build.0 = Debug|x64
		{4B5945CD-0CB3-49AA-A7FF-7612D93F82C0}.Debug|x86.ActiveCfg = Debug|Win32
		{4B5945CD-0CB3-49AA-A7FF-7612D93F82C0}.Debug|x86.Build.0 = Debug|Win32
		{4B5945CD-0CB3-49AA-A7FF-7612D93F82C0}.Debug-Dynamic|ARM.ActiveCfg = Debug-Dynamic|ARM
		{4B5945CD-0CB3-49AA-A7FF-7612D93F82C0}.Debug-Dynamic|ARM.Build.0 = Debug-Dynamic|ARM
		{4B5945CD-0CB3-49AA-A7FF-7612D93F82C0}.Debug-Dynamic|x64.ActiveCfg = Debug-Dynamic|x64
		{4B5945CD-0CB3-49AA-A7FF-7612D93F82C0}.Debug-Dynamic|x64.Build.0 = Debug-Dynamic|x64
		{4B5945CD-0CB3-49AA-A7FF-7612D93F82C0}.Debug-Dynamic|x86.ActiveCfg = Debug-Dynamic|Win32
		{4B5945CD-0CB3-49AA-A7FF-7612D93F82C0}.Debug-Dynamic|x86.Build.0 = Debug-Dynamic|Win32
		{4B5945CD-0CB3-49AA-A7FF-7612D93F82C0}.Debug-Static|ARM.ActiveCfg = Debug-Static|ARM
		{4B5945CD-0CB3-49AA-A7FF-7612D93F82C0}.Debug-Static|ARM.Build.0 = Debug-Static|ARM
		{4B5945CD-0CB3-49AA-A7FF-7612D93F82C0}.Debug-Static|x64.ActiveCfg = Debug-Static|x64
		{4B5945CD-0CB3-49AA-A7FF-7612D93F82C0}.Debug-Static|x64.Build.0 = Debug-Static|x64
		{4B5945CD-0CB3-49AA-A7FF-7612D93F82C0}.Debug-Static|x86.ActiveCfg = Debug-Static|Win32
		{4B5945CD-0CB3-49AA-A7FF-7612D93F82C0}.Debug-Static|x86.Build.0 = Debug-Static|Win32
		{4B5945CD-0CB3-49AA-A7FF-7612D93F82C0}.Release|ARM.ActiveCfg = Release|ARM
		{4B5945CD-0CB3-49AA-A7FF-7612D93F82C0}.Release|ARM.Build.0 = Release|ARM
		{4B5945CD-0CB3-49AA-A7FF-7612D93F82C0}.Release|x64.ActiveCfg = Release|x64
		{4B5945CD-0CB3-49AA-A7FF-7612D93F82C0}.Release|x64.Build.0 = Release|x64
		{4B5945CD-0CB3-49AA-A7FF-7612D93F82C0}.Release|x86.ActiveCfg = Release|Win32
		{4B5945CD-0CB3-49AA-A7FF-7612D93F82C0}.Release|x86.Build.0 = Release|Win32
		{4B5945CD-0CB3-49AA-A7FF-7612D93F82C0}.Release-Dynamic|ARM.ActiveCfg = Release-Dynamic|ARM
		{4B5945CD-0CB3-49AA-A7FF-7612D93F82C0}.Release-Dynamic|ARM.Build.0 = Release-Dynamic|ARM
		{4B5945CD-0CB3-49AA-A7FF-7612D93F82C0}.Release-Dynamic|x64.ActiveCfg = Release-Dynamic|x64
		{4B5945CD-0CB3-49AA-A7FF-7612D93F82C0}.Release-Dynamic|x64.Build.0 = Release-Dynamic|x64
		{4B5945CD-0CB3-49AA-A7FF-7612D93F82C0}.Release-Dynamic|x86.ActiveCfg = Release-Dynamic|Win32
		{4B5945CD-0CB3-49AA-A7FF-7612D93F82C0}.Release-Dynamic|x86.Build.0 = Release-Dynamic|Win32
		{4B5945CD-0CB3-49AA-A7FF-7612D93F82C0}.Release-Static|ARM.ActiveCfg = Release-Static|ARM
		{4B5945CD-0CB3-49AA-A7FF-7612D93F82C0}.Release-Static|ARM.Build.0 = Release-Static|ARM
		{4B5945CD-0CB3-49AA-A7FF-7612D93F82C0}.Release-Static|x64.ActiveCfg = Release-Static|x64
		{4B5945CD-0CB3-49AA-A7FF-7612D93F82C0}.Release-Static|x64.Build.0 = Release-Static|x64
		{4B5945CD-0CB3-49AA-A7FF-7612D93F82C0}.Release-Static|x86.ActiveCfg = Release-Static|Win32
		{4B5945CD-0CB3-49AA-A7FF-7612D93F82C0}.Release-Static|x86.Build.0 = Release-Static|Win32
		{B8719FD5-E8A6-4A36-943C-891D07F5DD21}.Debug|ARM.ActiveCfg = Debug|ARM
		{B8719FD5-E8A6-4A36-943C-891D07F5DD21}.Debug|ARM.Build.0 = Debug|ARM
		{B8719FD5-E8A6-4A36-943C-891D07F5DD21}.Debug|x64.ActiveCfg = Debug|x64
		{B8719FD5-E8A6-4A36-943C-891D07F5DD21}.Debug|x64.Build.0 = Debug|x64
		{B8719FD5-E8A6-4A36-943C-891D07F5DD21}.Debug|x86.ActiveCfg = Debug|Win32
		{B8719FD5-E8A6-4A36-943C-891D07F5DD21}.Debug|x86.Build.0 = Debug|Win32
		{B8719FD5-E8A6-4A36-943C-891D07F5DD21}.Debug-Dynamic|ARM.ActiveCfg = Debug-Dynamic|ARM
		{B8719FD5-E8A6-4A36-943C-891D07F5DD21}.Debug-Dynamic|ARM.Build.0 = Debug-Dynamic|ARM
		{B8719FD5-E8A6-4A36-943C-891D07F5DD21}.Debug-Dynamic|x64.ActiveCfg = Debug-Dynamic|x64
		{B8719FD5-E8A6-4A36-943C-891D07F5DD21}.Debug-Dynamic|x64.Build.0 = Debug-Dynamic|x64
		{B8719FD5-E8A6-4A36-943C-891D07F5DD21}.Debug-Dynamic|x86.ActiveCfg = Debug-Dynamic|Win32
		{B8719FD5-E8A6-4A36-943C-891D07F5DD21}.Debug-Dynamic|x86.Build.0 = Debug-Dynamic|Win32
		{B8719FD5-E8A6-4A36-943C-891D07F5DD21}.Debug-Static|ARM.ActiveCfg = Debug-Static|ARM
		{B8719FD5-E8A6-4A36-943C-891D07F5DD21}.Debug-Static|ARM.Build.0 = Debug-Static|ARM
		{B8719FD5-E8A6-4A36-943C-891D07F5DD21}.Debug-Static|x64.ActiveCfg = Debug-Static|x64
		{B8719FD5-E8A6-4A36-943C-891D07F5DD21}.Debug-Static|x64.Build.0 = Debug-Static|x64
		{B8719FD5-E8A6-4A36-943C-891D07F5DD21}.Debug-Static|x86.ActiveCfg = Debug-Static|Win32
		{B8719FD5-E8A6-4A36-943C-891D07F5DD21}.Debug-Static|x86.Build.0 = Debug-Static|Win32
		{B8719FD5-E8A6-4A36-943C-891D07F5DD21}.Release|ARM.ActiveCfg = Release|ARM
		{B8719FD5-E8A6-4A36-943C-891D07F5DD21}.Release|ARM.Build.0 = Release|ARM
		{B8719FD5-E8A6-4A36-943C-891D07F5DD21}.Release|x64.ActiveCfg = Release|x64
		{B8719FD5-E8A6-4A36-943C-891D07F5DD21}.Release|x64.Build.0 = Release|x64
		{B8719FD5-E8A6-4A36-943C-891D07F5DD21}.Release|x86.ActiveCfg = Release|Win32
		{B8719FD5-E8A6-4A36-943C-891D07F5DD21}.Release|x86.Build.0 = Release|Win32
		{B8719FD5-E8A6-4A36-943C-891D07F5DD21}.Release-Dynamic|ARM.ActiveCfg = Release-Dynamic|ARM
		{B8719FD5-E8A6-4A36-943C-891D07F5DD21}.Release-Dynamic|ARM.Build.0 = Release-Dynamic|ARM
		{B8719FD5-E8A6-4A36-943C-891D07F5DD21}.Release-Dynamic|x64.ActiveCfg = Release-Dynamic|x64
		{B8719FD5-E8A6-4A36-943C-891D07F5DD21}.Release-Dynamic|x64.Build.0 = Release-Dynamic|x64
		{B8719FD5-E8A6-4A36-943C-891D07F5DD21}.Release-Dynamic|x86.ActiveCfg = Release-Dynamic|Win32
		{B8719FD5-E8A6-4A36-943C-891D07F5DD21}.Release-Dynamic|x86.Build.0 = Release-Dynamic|Win32
		{B8719FD5-E8A6-4A36-943C-891D07F5DD21}.Release-Static|ARM.ActiveCfg = Release-Static|ARM
		{B8719FD5-E8A6-4A36-943C-891D07F5DD21}.Release-Static|ARM.Build.0 = Release-Static|ARM
		{B8719FD5-E8A6-4A36-943C-891D07F5DD21}.Release-Static|x64.ActiveCfg = Release-Static|x64
		{B8719FD5-E8A6-4A36-943C-891D07F5DD21}.Release-Static|x64.Build.0 = Release-Static|x64
		{B8719FD5-E8A6-4A36-943C-891D07F5DD21}.Release-Static|x86.ActiveCfg = Release-Static|Win32
		{B8719FD5-E8A6-4A36-943C-891D07F5DD21}.Release-Static|x86.Build.0 = Release-Static|Win32
		{9CA0FDFB-2172-41FC-B7F1-5CE915EDCB37}.Debug|ARM.ActiveCfg = Debug|ARM
		{9CA0FDFB-2172-41FC-B7F1-5CE915EDCB37}.Debug|ARM.Build.0 = Debug|ARM
		{9CA0FDFB-2172-41FC-B7F1-5CE915EDCB37}.Debug|x64.ActiveCfg = Debug|x64
		{9CA0FDFB-2172-41FC-B7F1-5CE915EDCB37}.Debug|x64.Build.0 = Debug|x64
		{9CA0FDFB-2172-41FC-B7F1-5CE915EDCB37}.Debug|x86.ActiveCfg = Debug|Win32
		{9CA0FDFB-2172-41FC-B7F1-5CE915EDCB37}.Debug|x86.Build.0 = Debug|Win32
		{9CA0FDFB-2172-41FC-B7F1-5CE915EDCB37}.Debug-Dynamic|ARM.ActiveCfg = Debug-Dynamic|ARM
		{9CA0FDFB-2172-41FC-B7F1-5CE915EDCB37}.Debug-Dynamic|ARM.Build.0 = Debug-Dynamic|ARM
		{9CA0FDFB-2172-41FC-B7F1-5CE915EDCB37}.Debug-Dynamic|x64.ActiveCfg = Debug-Dynamic|x64
		{9CA0FDFB-2172-41FC-B7F1-5CE915EDCB37}.Debug-Dynamic|x64.Build.0 = Debug-Dynamic|x64
		{9CA0FDFB-2172-41FC-B7F1-5CE915EDCB37}.Debug-Dynamic|x86.ActiveCfg = Debug-Dynamic|Win32
		{9CA0FDFB-2172-41FC-B7F1-5CE915EDCB37}.Debug-Dynamic|x86.Build.0 = Debug-Dynamic|Win32
		{9CA0FDFB-2172-41FC-B7F1-5CE915EDCB37}.Debug-Static|ARM.ActiveCfg = Debug-Static|ARM
		{9CA0FDFB-2172-41FC-B7F1-5CE915EDCB37}.Debug-Static|ARM.Build.0 = Debug-Static|ARM
		{9CA0FDFB-2172-41FC-B7F1-5CE915EDCB37}.Debug-Static|x64.ActiveCfg = Debug-Static|x64
		{9CA0FDFB-2172-41FC-B7F1-5CE915EDCB37}.Debug-Static|x64.Build.0 = Debug-Static|x64
		{9CA0FDFB-2172-41FC-B7F1-5CE915EDCB37}.Debug-Static|x86.ActiveCfg = Debug-Static|Win32
		{9CA0FDFB-2172-41FC-B7F1-5CE915EDCB37}.Debug-Static|x86.Build.0 = Debug-Static|Win32
		{9CA0FDFB-2172-41FC-B7F1-5CE915EDCB37}.Release|ARM.ActiveCfg = Release|ARM
		{9CA0FDFB-2172-41FC-B7F1-5CE915EDCB37}.Release|ARM.Build.0 = Release|ARM
		{9CA0FDFB-2172-41FC-B7F1-5CE915EDCB37}.Release|x64.ActiveCfg = Release|x64
		{9CA0FDFB-2172-41FC-B7F1-5CE915EDCB37}.Release|x64.Build.0 = Release|x64
		{9CA0FDFB-2172-41FC-B7F1-5CE915EDCB37}.Release|x86.ActiveCfg = Release|Win32
		{9CA0FDFB-2172-41FC-B7F1-5CE915EDCB37}.Release|x86.Build.0 = Release|Win32
		{9CA0FDFB-2172-41FC-B7F1-5CE915EDCB37}.Release-Dynamic|ARM.ActiveCfg = Release-Dynamic|ARM
		{9CA0FDFB-2172-41FC-B7F1-5CE915EDCB37}.Release-Dynamic|ARM.Build.0 = Release-Dynamic|ARM
		{9CA0FDFB-2172-41FC-B7F1-5CE915EDCB37}.Release-Dynamic|x64.ActiveCfg = Release-Dynamic|x64
		{9CA0FDFB-2172-41FC-B7F1-5CE915EDCB37}.Release-Dynamic|x64.Build.0 = Release-Dynamic|x64
		{9CA0FDFB-2172-41FC-B7F1-5CE915EDCB37}.Release-Dynamic|x86.ActiveCfg = Release-Dynamic|Win32
		{9CA0FDFB-2172-41FC-B7F1-5CE915EDCB37}.Release-Dynamic|x86.Build.0 = Release-Dynamic|Win32
		{9CA0FDFB-2172-41FC-B7F1-5CE915EDCB37}.Release-Static|ARM.ActiveCfg = Release-Static|ARM
		{9CA0FDFB-2172-41FC-B7F1-5CE915EDCB37}.Release-Static|ARM.Build.0 = Release-Static|ARM
		{9CA0FDFB-2172-41FC-B7F1-5CE915EDCB37}.Release-Static|x64.ActiveCfg = Release-Static|x64
		{9CA0FDFB-2172-41FC-B7F1-5CE915EDCB37}.Release-Static|x64.Build.0 = Release-Static|x64
		{9CA0FDFB-2172-41FC-B7F1-5CE915EDCB37}.Release-Static|x86.ActiveCfg = Release-Static|Win32
		{9CA0FDFB-2172-41FC-B7F1-5CE915EDCB37}.Release-Static|x86.Build.0 = Release-Static|Win32
		{8310649E-A25E-4AF0-91E8-9E3CC659BB89}.Debug|ARM.ActiveCfg = Debug|ARM
		{8310649E-A25E-4AF0-91E8-9E3CC659BB89}.Debug|ARM.Build.0 = Debug|ARM
		{8310649E-A25E-4AF0-91E8-9E3CC659BB89}.Debug|x64.ActiveCfg = Debug|x64
		{8310649E-A25E-4AF0-91E8-9E3CC659BB89}.Debug|x64.Build.0 = Debug|x64
		{8310649E-A25E-4AF0-91E8-9E3CC659BB89}.Debug|x86.ActiveCfg = Debug|Win32
		{8310649E-A25E-4AF0-91E8-9E3CC659BB89}.Debug|x86.Build.0 = Debug|Win32
		{8310649E-A25E-4AF0-91E8-9E3CC659BB89}.Debug-Dynamic|ARM.ActiveCfg = Debug-Dynamic|ARM
		{8310649E-A25E-4AF0-91E8-9E3CC659BB89}.Debug-Dynamic|ARM.Build.0 = Debug-Dynamic|ARM
		{8310649E-A25E-4AF0-91E8-9E3CC659BB89}.Debug-Dynamic|x64.ActiveCfg = Debug-Dynamic|x64
		{8310649E-A25E-4AF0-91E8-9E3CC659BB89}.Debug-Dynamic|x64.Build.0 = Debug-Dynamic|x64
		{8310649E-A25E-4AF0-91E8-9E3CC659BB89}.Debug-Dynamic|x86.ActiveCfg = Debug-Dynamic|Win32
		{8310649E-A25E-4AF0-91E8-9E3CC659BB89}.Debug-Dynamic|x86.Build.0 = Debug-Dynamic|Win32
		{8310649E-A25E-4AF0-91E8-9E3CC659BB89}.Debug-Static|ARM.ActiveCfg = Debug-Static|ARM
		{8310649E-A25E-4AF0-91E8-9E3CC659BB89}.Debug-Static|ARM.Build.0 = Debug-Static|ARM
		{8310649E-A25E-4AF0-91E8-9E3CC659BB89}.Debug-Static|x64.ActiveCfg = Debug-Static|x64
		{8310649E-A25E-4AF0-91E8-9E3CC659BB89}.Debug-Static|x64.Build.0 = Debug-Static|x64
		{8310649E-A25E-4AF0-91E8-9E3CC659BB89}.Debug-Static|x86.ActiveCfg = Debug-Static|Win32
		{8310649E-A25E-4AF0-91E8-9E3CC659BB89}.Debug-Static|x86.Build.0 = Debug-Static|Win32
		{8310649E-A25E-4AF0-91E8-9E3CC659BB89}.Release|ARM.ActiveCfg = Release|ARM
		{8310649E-A25E-4AF0-91E8-9E3CC659BB89}.Release|ARM.Build.0 = Release|ARM
		{8310649E-A25E-4AF0-91E8-9E3CC659BB89}.Release|x64.ActiveCfg = Release|x64
		{8310649E-A25E-4AF0-91E8-9E3CC659BB89}.Release|x64.Build.0 = Release|x64
		{8310649E-A25E-4AF0-91E8-9E3CC659BB89}.Release|x86.ActiveCfg = Release|Win32
		{8310649E-A25E-4AF0-91E8-9E3CC659BB89}.Release|x86.Build.0 = Release|Win32
		{8310649E-A25E-4AF0-91E8-9E3CC659BB89}.Release-Dynamic|ARM.ActiveCfg = Release-Dynamic|ARM
		{8310649E-A25E-4AF0-91E8-9E3CC659BB89}.Release-Dynamic|ARM.Build.0 = Release-Dynamic|ARM
		{8310649E-A25E-4AF0-91E8-9E3CC659BB89}.Release-Dynamic|x64.ActiveCfg = Release-Dynamic|x64
		{8310649E-A25E-4AF0-91E8-9E3CC659BB89}.Release-Dynamic|x64.Build.0 = Release-Dynamic|x64
		{8310649E-A25E-4AF0-91E8-9E3CC659BB89}.Release-Dynamic|x86.ActiveCfg = Release-Dynamic|Win32
		{8310649E-A25E-4AF0-91E8-9E3CC659BB89}.Release-Dynamic|x86.Build.0 = Release-Dynamic|Win32
		{8310649E-A25E-4AF0-91E8-9E3CC659BB89}.Release-Static|ARM.ActiveCfg = Release-Static|ARM
		{8310649E-A25E-4AF0-91E8-9E3CC659BB89}.Release-Static|ARM.Build.0 = Release-Static|ARM
		{8310649E-A25E-4AF0-91E8-9E3CC659BB89}.Release-Static|x64.ActiveCfg = Release-Static|x64
		{8310649E-A25E-4AF0-91E8-9E3CC659BB89}.Release-Static|x64.Build.0 = Release-Static|x64
		{8310649E-A25E-4AF0-91E8-9E3CC659BB89}.Release-Static|x86.ActiveCfg = Release-Static|Win32
		{8310649E-A25E-4AF0-91E8-9E3CC659BB89}.Release-Static|x86.Build.0 = Release-Static|Win32
		{B82CDD25-6903-430E-BD38-D8129A2015C1}.Debug|ARM.ActiveCfg = Debug|ARM
		{B82CDD25-6903-430E-BD38-D8129A2015C1}.Debug|ARM.Build.0 = Debug|ARM
		{B82CDD25-6903-430E-BD38-D8129A2015C1}.Debug|x64.ActiveCfg = Debug|x64
		{B82CDD25-6903-430E-BD38-D8129A2015C1}.Debug|x64.Build.0 = Debug|x64
		{B82CDD25-6903-430E-BD38-D8129A2015C1}.Debug|x86.ActiveCfg = Debug|Win32
		{B82CDD25-6903-430E-BD38-D8129A2015C1}.Debug|x86.Build.0 = Debug|Win32
		{B82CDD25-6903-430E-BD38-D8129A2015C1}.Debug-Dynamic|ARM.ActiveCfg = Debug-Dynamic|ARM
		{B82CDD25-6903-430E-BD38-D8129A2015C1}.Debug-Dynamic|ARM.Build.0 = Debug-Dynamic|ARM
		{B82CDD25-6903-430E-BD38-D8129A2015C1}.Debug-Dynamic|x64.ActiveCfg = Debug-Dynamic|x64
		{B82CDD25-6903-430E-BD38-D8129A2015C1}.Debug-Dynamic|x64.Build.0 = Debug-Dynamic|x64
		{B82CDD25-6903-430E-BD38-D8129A2015C1}.Debug-Dynamic|x86.ActiveCfg = Debug-Dynamic|Win32
		{B82CDD25-6903-430E-BD38-D8129A2015C1}.Debug-Dynamic|x86.Build.0 = Debug-Dynamic|Win32
		{B82CDD25-6903-430E-BD38-D8129A2015C1}.Debug-Static|ARM.ActiveCfg = Debug-Static|ARM
		{B82CDD25-6903-430E-BD38-D8129A2015C1}.Debug-Static|ARM.Build.0 = Debug-Static|ARM
		{B82CDD25-6903-430E-BD38-D8129A2015C1}.Debug-Static|x64.ActiveCfg = Debug-Static|x64
		{B82CDD25-6903-430E-BD38-D8129A2015C1}.Debug-Static|x64.Build.0 = Debug-Static|x64
		{B82CDD25-6903-430E-BD38-D8129A2015C1}.Debug-Static|x86.ActiveCfg = Debug-Static|Win32
		{B82CDD25-6903-430E-BD38-D8129A2015C1}.Debug-Static|x86.Build.0 = Debug-Static|Win32
		{B82CDD25-6903-430E-BD38-D8129A2015C1}.Release|ARM.ActiveCfg = Release|ARM
		{B82CDD25-6903-430E-BD38-D8129A2015C1}.Release|ARM.Build.0 = Release|ARM
		{B82CDD25-6903-430E-BD38-D8129A2015C1}.Release|x64.ActiveCfg = Release|x64
		{B82CDD25-6903-430E-BD38-D8129A2015C1}.Release|x64.Build.0 = Release|x64
		{B82CDD25-6903-430E-BD38-D8129A2015C1}.Release|x86.ActiveCfg = Release|Win32
		{B82CDD25-6903-430E-BD38-D8129A2015C1}.Release|x86.Build.0 = Release|Win32
		{B82CDD25-6903-430E-BD38-D8129A2015C1}.Release-Dynamic|ARM.ActiveCfg = Release-Dynamic|ARM
		{B82CDD25-6903-430E-BD38-D8129A2015C1}.Release-Dynamic|ARM.Build.0 = Release-Dynamic|ARM
		{B82CDD25-6903-430E-BD38-D8129A2015C1}.Release-Dynamic|x64.ActiveCfg = Release-Dynamic|x64
		{B82CDD25-6903-430E-BD38-D8129A2015C1}.Release-Dynamic|x64.Build.0 = Release-Dynamic|x64
		{B82CDD25-6903-430E-BD38-D8129A2015C1}.Release-Dynamic|x86.ActiveCfg = Release-Dynamic|Win32
		{B82CDD25-6903-430E-BD38-D8129A2015C1}.Release-Dynamic|x86.Build.0 = Release-Dynamic|Win32
		{B82CDD25-6903-430E-BD38-D8129A2015C1}.Release-Static|ARM.ActiveCfg = Release-Static|ARM
		{B82CDD25-6903-430E-BD38-D8129A2015C1}.Release-Static|ARM.Build.0 = Release-Static|ARM
		{B82CDD25-6903-430E-BD38-D8129A2015C1}.Release-Static|x64.ActiveCfg = Release-Static|x64
		{B82CDD25-6903-430E-BD38-D8129A2015C1}.Release-Static|x64.Build.0 = Release-Static|x64
		{B82CDD25-6903-430E-BD38-D8129A2015C1}.Release-Static|x86.ActiveCfg = Release-Static|Win32
		{B82CDD25-6903-430E-BD38-D8129A2015C1}.Release-Static|x86.Build.0 = Release-Static|Win32
		{A1989FF3-9894-40F4-B5A6-6EA364476E45}.Debug|ARM.ActiveCfg = Debug|ARM
		{A1989FF3-9894-40F4-B5A6-6EA364476E45}.Debug|ARM.Build.0 = Debug|ARM
		{A1989FF3-9894-40F4-B5A6-6EA364476E45}.Debug|x64.ActiveCfg = Debug|x64
		{A1989FF3-9894-40F4-B5A6-6EA364476E45}.Debug|x64.Build.0 = Debug|x64
		{A1989FF3-9894-40F4-B5A6-6EA364476E45}.Debug|x86.ActiveCfg = Debug|Win32
		{A1989FF3-9894-40F4-B5A6-6EA364476E45}.Debug|x86.Build.0 = Debug|Win32
		{A1989FF3-9894-40F4-B5A6-6EA364476E45}.Debug-Dynamic|ARM.ActiveCfg = Debug-Dynamic|ARM
		{A1989FF3-9894-40F4-B5A6-6EA364476E45}.Debug-Dynamic|ARM.Build.0 = Debug-Dynamic|ARM
		{A1989FF3-9894-40F4-B5A6-6EA364476E45}.Debug-Dynamic|x64.ActiveCfg = Debug-Dynamic|x64
		{A1989FF3-9894-40F4-B5A6-6EA364476E45}.Debug-Dynamic|x64.Build.0 = Debug-Dynamic|x64
		{A1989FF3-9894-40F4-B5A6-6EA364476E45}.Debug-Dynamic|x86.ActiveCfg = Debug-Dynamic|Win32
		{A1989FF3-9894-40F4-B5A6-6EA364476E45}.Debug-Dynamic|x86.Build.0 = Debug-Dynamic|Win32
		{A1989FF3-9894-40F4-B5A6-6EA364476E45}.Debug-Static|ARM.ActiveCfg = Debug-Static|ARM
		{A1989FF3-9894-40F4-B5A6-6EA364476E45}.Debug-Static|ARM.Build.0 = Debug-Static|ARM
		{A1989FF3-9894-40F4-B5A6-6EA364476E45}.Debug-Static|x64.ActiveCfg = Debug-Static|x64
		{A1989FF3-9894-40F4-B5A6-6EA364476E45}.Debug-Static|x64.Build.0 = Debug-Static|x64
		{A1989FF3-9894-40F4-B5A6-6EA364476E45}.Debug-Static|x86.ActiveCfg = Debug-Static|Win32
		{A1989FF3-9894-40F4-B5A6-6EA364476E45}.Debug-Static|x86.Build.0 = Debug-Static|Win32
		{A1989FF3-9894-40F4-B5A6-6EA364476E45}.Release|ARM.ActiveCfg = Release|ARM
		{A1989FF3-9894-40F4-B5A6-6EA364476E45}.Release|ARM.Build.0 = Release|ARM
		{A1989FF3-9894-40F4-B5A6-6EA364476E45}.Release|x64.ActiveCfg = Release|x64
		{A1989FF3-9894-40F4-B5A6-6EA364476E45}.Release|x64.Build.0 = Release|x64
		{A1989FF3-9894-40F4-B5A6-6EA364476E45}.Release|x86.ActiveCfg = Release|Win32
		{A1989FF3-9894-40F4-B5A6-6EA364476E45}.Release|x86.Build.0 = Release|Win32
		{A1989FF3-9894-40F4-B5A6-6EA364476E45}.Release-Dynamic|ARM.ActiveCfg = Release-Dynamic|ARM
		{A1989FF3-9894-40F4-B5A6-6EA364476E45}.Release-Dynamic|ARM.Build.0 = Release-Dynamic|ARM
		{A1989FF3-9894-40F4-B5A6-6EA364476E45}.Release-Dynamic|x64.ActiveCfg = Release-Dynamic|x64
		{A1989FF3-9894-40F4-B5A6-6EA364476E45}.Release-Dynamic|x64.Build.0 = Release-Dynamic|x64
		{A1989FF3-9894-40F4-B5A6-6EA364476E45}.Release-Dynamic|x86.ActiveCfg = Release-Dynamic|Win32
		{A1989FF3-9894-40F4-B5A6-6EA364476E45}.Release-Dynamic|x86.Build.0 = Release-Dynamic|Win32
		{A1989FF3-9894-40F4-B5A6-6EA364476E45}.Release-Static|ARM.ActiveCfg = Release-Static|ARM
		{A1989FF3-9894-40F4-B5A6-6EA364476E45}.Release-Static|ARM.Build.0 = Release-Static|ARM
		{A1989FF3-9894-40F4-B5A6-6EA364476E45}.Release-Static|x64.ActiveCfg = Release-Static|x64
		{A1989FF3-9894-40F4-B5A6-6EA364476E45}.Release-Static|x64.Build.0 = Release-Static|x64
		{A1989FF3-9894-40F4-B5A6-6EA364476E45}.Release-Static|x86.ActiveCfg = Release-Static|Win32
		{A1989FF3-9894-40F4-B5A6-6EA364476E45}.Release-Static|x86.Build.0 = Release-Static|Win32
	EndGlobalSection
	GlobalSection(SolutionProperties) = preSolution
		HideSolutionNode = FALSE
	EndGlobalSection
	GlobalSection(ExtensibilityGlobals) = postSolution
		SolutionGuid = {75AD0923-46C6-411E-A0B8-BBA53768F5FF}
	EndGlobalSection
EndGlobal
